
Microsoft Visual Studio Solution File, Format Version 12.00
# Visual Studio Version 17
VisualStudioVersion = 17.12.35527.113 d17.12
MinimumVisualStudioVersion = 10.0.40219.1
Project("{2150E333-8FDC-42A3-9474-1A3956D46DE8}") = "2024", "2024", "{DE4456E4-7DAB-40BD-A6F7-47ABAF3D1A18}"
EndProject
Project("{2150E333-8FDC-42A3-9474-1A3956D46DE8}") = "2015", "2015", "{64BD494C-8DB0-4371-B581-1E05687E20B4}"
EndProject
Project("{FAE04EC0-301F-11D3-BF4B-00C04F79EFBC}") = "01", "2015\01\01.csproj", "{41F165A5-1E13-402F-8ABF-ED8505C4DFE9}"
EndProject
Global
	GlobalSection(SolutionConfigurationPlatforms) = preSolution
		Debug|Any CPU = Debug|Any CPU
		Release|Any CPU = Release|Any CPU
	EndGlobalSection
	GlobalSection(ProjectConfigurationPlatforms) = postSolution
		{41F165A5-1E13-402F-8ABF-ED8505C4DFE9}.Debug|Any CPU.ActiveCfg = Debug|Any CPU
		{41F165A5-1E13-402F-8ABF-ED8505C4DFE9}.Debug|Any CPU.Build.0 = Debug|Any CPU
		{41F165A5-1E13-402F-8ABF-ED8505C4DFE9}.Release|Any CPU.ActiveCfg = Release|Any CPU
		{41F165A5-1E13-402F-8ABF-ED8505C4DFE9}.Release|Any CPU.Build.0 = Release|Any CPU
	EndGlobalSection
	GlobalSection(SolutionProperties) = preSolution
		HideSolutionNode = FALSE
	EndGlobalSection
	GlobalSection(NestedProjects) = preSolution
		{41F165A5-1E13-402F-8ABF-ED8505C4DFE9} = {64BD494C-8DB0-4371-B581-1E05687E20B4}
	EndGlobalSection
EndGlobal
