
Microsoft Visual Studio Solution File, Format Version 12.00
# Visual Studio Version 17
VisualStudioVersion = 17.12.35527.113
MinimumVisualStudioVersion = 10.0.40219.1
Project("{2150E333-8FDC-42A3-9474-1A3956D46DE8}") = "2024", "2024", "{DE4456E4-7DAB-40BD-A6F7-47ABAF3D1A18}"
EndProject
Project("{2150E333-8FDC-42A3-9474-1A3956D46DE8}") = "2015", "2015", "{64BD494C-8DB0-4371-B581-1E05687E20B4}"
EndProject
Project("{FAE04EC0-301F-11D3-BF4B-00C04F79EFBC}") = "01", "2015\01\01.csproj", "{41F165A5-1E13-402F-8ABF-ED8505C4DFE9}"
EndProject
Project("{FAE04EC0-301F-11D3-BF4B-00C04F79EFBC}") = "01", "2024\01\01.csproj", "{EBD7B3DB-1E03-4270-B78B-9C2BFA8ACAF6}"
EndProject
Project("{FAE04EC0-301F-11D3-BF4B-00C04F79EFBC}") = "02", "2024\02\02.csproj", "{D0C5405D-54F6-444E-ADAB-C7F94F84A236}"
EndProject
Project("{FAE04EC0-301F-11D3-BF4B-00C04F79EFBC}") = "03", "2024\03\03.csproj", "{9E1BE11B-49EA-464C-813E-6B149A9C4F83}"
EndProject
Project("{FAE04EC0-301F-11D3-BF4B-00C04F79EFBC}") = "04", "2024\04\04.csproj", "{8DF2B6F6-F3D4-4D17-AD00-E0452F7E648B}"
EndProject
Project("{FAE04EC0-301F-11D3-BF4B-00C04F79EFBC}") = "05", "2024\05\05.csproj", "{5C250DB0-5462-41AA-9A71-9143F257834A}"
EndProject
Project("{FAE04EC0-301F-11D3-BF4B-00C04F79EFBC}") = "06", "2024\06\06.csproj", "{4B1D2EDA-6E43-4933-8950-A4A479AE0336}"
EndProject
Project("{FAE04EC0-301F-11D3-BF4B-00C04F79EFBC}") = "07", "2024\07\07.csproj", "{928AED0A-8626-46A7-96C2-4365C2B8C4E4}"
EndProject
Project("{FAE04EC0-301F-11D3-BF4B-00C04F79EFBC}") = "08", "2024\08\08.csproj", "{0E202A05-2297-4334-BAD2-9389E3CCAEEF}"
EndProject
Project("{FAE04EC0-301F-11D3-BF4B-00C04F79EFBC}") = "09", "2024\09\09.csproj", "{F69D4548-537C-41BE-99AF-AE2E29618F84}"
EndProject
Project("{FAE04EC0-301F-11D3-BF4B-00C04F79EFBC}") = "10", "2024\10\10.csproj", "{2B560652-4AC2-42E3-B122-C3C750D47A3F}"
EndProject
Project("{FAE04EC0-301F-11D3-BF4B-00C04F79EFBC}") = "11", "2024\11\11.csproj", "{CBA9B967-68BE-48E4-8FA6-77541E4CC051}"
EndProject
Project("{FAE04EC0-301F-11D3-BF4B-00C04F79EFBC}") = "12", "2024\12\12.csproj", "{320F3709-2CAB-4D99-9FF8-2719F6CDE675}"
EndProject
Project("{FAE04EC0-301F-11D3-BF4B-00C04F79EFBC}") = "13", "2024\13\13.csproj", "{4347C740-6D5D-4EC8-B041-4F5DB0B224F4}"
EndProject
Project("{FAE04EC0-301F-11D3-BF4B-00C04F79EFBC}") = "14", "2024\14\14.csproj", "{2D0C5B10-7694-4335-B35B-C545322C825B}"
EndProject
Project("{FAE04EC0-301F-11D3-BF4B-00C04F79EFBC}") = "15", "2024\15\15.csproj", "{3107DDEA-C77A-4810-87E9-F51103EA9112}"
EndProject
Project("{FAE04EC0-301F-11D3-BF4B-00C04F79EFBC}") = "16", "2024\16\16.csproj", "{49DE59D1-04FD-4D11-97C5-2FA603F59857}"
EndProject
Project("{FAE04EC0-301F-11D3-BF4B-00C04F79EFBC}") = "17", "2024\17\17.csproj", "{EA3A5747-6EA8-4E81-BB34-93B68FAA62A2}"
EndProject
Project("{FAE04EC0-301F-11D3-BF4B-00C04F79EFBC}") = "18", "2024\18\18.csproj", "{3CDAEE0D-900A-44CE-8658-7DD090A75D58}"
EndProject
Project("{FAE04EC0-301F-11D3-BF4B-00C04F79EFBC}") = "19", "2024\19\19.csproj", "{C460E7B1-329B-496B-91D3-14C7C3CBD355}"
EndProject
Project("{FAE04EC0-301F-11D3-BF4B-00C04F79EFBC}") = "20", "2024\20\20.csproj", "{F23FA9F6-B298-4998-B631-CFBFF74DC5B1}"
EndProject
Project("{FAE04EC0-301F-11D3-BF4B-00C04F79EFBC}") = "21", "2024\21\21.csproj", "{B3598A2D-71C8-4352-BC14-8C5166F44A64}"
EndProject
Project("{FAE04EC0-301F-11D3-BF4B-00C04F79EFBC}") = "22", "2024\22\22.csproj", "{D21E7005-0FD2-4373-AB3D-8203E3BA7BF9}"
EndProject
Project("{FAE04EC0-301F-11D3-BF4B-00C04F79EFBC}") = "23", "2024\23\23.csproj", "{123D1AB2-8C21-42C3-BE7B-7E2E5D5D3EE8}"
EndProject
Project("{FAE04EC0-301F-11D3-BF4B-00C04F79EFBC}") = "24", "2024\24\24.csproj", "{63F57B31-B771-42E8-8CF5-6AA82C208214}"
EndProject
Project("{FAE04EC0-301F-11D3-BF4B-00C04F79EFBC}") = "25", "2024\25\25.csproj", "{DC2095F7-6E71-409A-859E-16FA23F2E34A}"
EndProject
Project("{2150E333-8FDC-42A3-9474-1A3956D46DE8}") = "2023", "2023", "{7FFF3D25-EFCB-49ED-8910-AC580658D43C}"
EndProject
Project("{2150E333-8FDC-42A3-9474-1A3956D46DE8}") = "2022", "2022", "{3B689557-69ED-4D0B-96D4-2EEB4707AD3F}"
EndProject
Project("{FAE04EC0-301F-11D3-BF4B-00C04F79EFBC}") = "01", "2023\01\01.csproj", "{41C6D121-035A-43F7-BB9B-2B272D8D2E6E}"
EndProject
Project("{FAE04EC0-301F-11D3-BF4B-00C04F79EFBC}") = "02", "2023\02\02.csproj", "{B38D2D74-DE41-4DF2-AD68-B7AFB7D09FFE}"
EndProject
Project("{FAE04EC0-301F-11D3-BF4B-00C04F79EFBC}") = "03", "2023\03\03.csproj", "{0C2E42F2-4616-4667-9BEB-29A5D58D71A5}"
EndProject
Project("{FAE04EC0-301F-11D3-BF4B-00C04F79EFBC}") = "04", "2023\04\04.csproj", "{53AE7977-37B4-4C47-B82B-28A2A5EC2EF4}"
EndProject
Project("{FAE04EC0-301F-11D3-BF4B-00C04F79EFBC}") = "05", "2023\05\05.csproj", "{E9638E9D-8D86-488F-9DA7-632828C5E708}"
EndProject
Project("{FAE04EC0-301F-11D3-BF4B-00C04F79EFBC}") = "06", "2023\06\06.csproj", "{706749BF-1C09-426F-959B-611DE30080E4}"
EndProject
Project("{FAE04EC0-301F-11D3-BF4B-00C04F79EFBC}") = "07", "2023\07\07.csproj", "{971F22FD-DDD1-4735-9E61-C9F34F8D37E1}"
EndProject
Project("{FAE04EC0-301F-11D3-BF4B-00C04F79EFBC}") = "08", "2023\08\08.csproj", "{2D42B552-8B65-4EAC-8E85-270CAEA13642}"
EndProject
Project("{FAE04EC0-301F-11D3-BF4B-00C04F79EFBC}") = "09", "2023\09\09.csproj", "{0A359CFD-2ADC-4CC4-902A-9A0111C59A20}"
EndProject
Project("{FAE04EC0-301F-11D3-BF4B-00C04F79EFBC}") = "10", "2023\10\10.csproj", "{CF60BB1B-477C-47D6-B182-A887207A362C}"
EndProject
Project("{FAE04EC0-301F-11D3-BF4B-00C04F79EFBC}") = "11", "2023\11\11.csproj", "{34ED5281-B4E7-4A1B-B505-C59EDC704C29}"
EndProject
Project("{FAE04EC0-301F-11D3-BF4B-00C04F79EFBC}") = "12", "2023\12\12.csproj", "{223AC32C-7E96-4D30-8991-A55F928592E7}"
EndProject
Project("{FAE04EC0-301F-11D3-BF4B-00C04F79EFBC}") = "13", "2023\13\13.csproj", "{B1E870AC-0204-4C42-8A0A-B246A8F7FA8C}"
EndProject
Project("{FAE04EC0-301F-11D3-BF4B-00C04F79EFBC}") = "14", "2023\14\14.csproj", "{4C40DB5F-F221-447B-A80E-C9BF73841470}"
EndProject
Project("{FAE04EC0-301F-11D3-BF4B-00C04F79EFBC}") = "15", "2023\15\15.csproj", "{EFDDD571-343D-422A-820D-E2CCC6D01A33}"
EndProject
Project("{FAE04EC0-301F-11D3-BF4B-00C04F79EFBC}") = "16", "2023\16\16.csproj", "{740024CD-3491-4A6E-A4B2-838B249EE20B}"
EndProject
Project("{FAE04EC0-301F-11D3-BF4B-00C04F79EFBC}") = "17", "2023\17\17.csproj", "{017225E0-927F-48EC-84C5-9A9453AAF689}"
EndProject
Project("{FAE04EC0-301F-11D3-BF4B-00C04F79EFBC}") = "18", "2023\18\18.csproj", "{506A8ABF-51B5-498D-810D-7F7BE4E36DDE}"
EndProject
Project("{FAE04EC0-301F-11D3-BF4B-00C04F79EFBC}") = "19", "2023\19\19.csproj", "{59834F85-D732-460D-84F1-FBB52266DE9B}"
EndProject
Project("{FAE04EC0-301F-11D3-BF4B-00C04F79EFBC}") = "20", "2023\20\20.csproj", "{4C5CBE20-39B2-4B51-A5EE-FBF90C51D608}"
EndProject
Project("{FAE04EC0-301F-11D3-BF4B-00C04F79EFBC}") = "21", "2023\21\21.csproj", "{82D05586-60F8-4CC4-8B0B-AD8C7F79E56D}"
EndProject
Project("{FAE04EC0-301F-11D3-BF4B-00C04F79EFBC}") = "22", "2023\22\22.csproj", "{E9B7F126-0A84-4F36-BF57-F464C0A052E9}"
EndProject
Project("{FAE04EC0-301F-11D3-BF4B-00C04F79EFBC}") = "23", "2023\23\23.csproj", "{651AFADB-95A1-4D7F-BD90-B93F0D81506D}"
EndProject
Project("{FAE04EC0-301F-11D3-BF4B-00C04F79EFBC}") = "24", "2023\24\24.csproj", "{D5FFC6B1-D31A-4784-A7DF-1E1F6ED9C8E7}"
EndProject
Project("{FAE04EC0-301F-11D3-BF4B-00C04F79EFBC}") = "25", "2023\25\25.csproj", "{34BC382A-4FED-4D48-8AFB-8FDF2BD7BF30}"
EndProject
Project("{FAE04EC0-301F-11D3-BF4B-00C04F79EFBC}") = "01", "2022\01\01.csproj", "{3BC656F6-9BEF-42B9-ABB3-21DD831A6C1F}"
EndProject
Project("{FAE04EC0-301F-11D3-BF4B-00C04F79EFBC}") = "02", "2022\02\02.csproj", "{1726AADD-C737-45B9-88E2-76F0B0020882}"
EndProject
Project("{FAE04EC0-301F-11D3-BF4B-00C04F79EFBC}") = "03", "2022\03\03.csproj", "{C90D4D8B-6E25-47FF-AD63-F0EB976EE4F9}"
EndProject
Project("{FAE04EC0-301F-11D3-BF4B-00C04F79EFBC}") = "04", "2022\04\04.csproj", "{DE203C39-2DBF-4168-B59E-C80AA3EFF833}"
EndProject
Project("{FAE04EC0-301F-11D3-BF4B-00C04F79EFBC}") = "05", "2022\05\05.csproj", "{D3509193-B7C5-4436-A89E-8E0FA314DD03}"
EndProject
Project("{FAE04EC0-301F-11D3-BF4B-00C04F79EFBC}") = "06", "2022\06\06.csproj", "{C7B75079-DCE4-42CC-9D1F-A668110E3458}"
EndProject
Project("{FAE04EC0-301F-11D3-BF4B-00C04F79EFBC}") = "07", "2022\07\07.csproj", "{C2E8ABC0-65BA-43BA-8FC5-C93F9E1698AE}"
EndProject
Project("{FAE04EC0-301F-11D3-BF4B-00C04F79EFBC}") = "08", "2022\08\08.csproj", "{8D8FB4FD-7226-4175-8C1C-1BE7A8EEFDEC}"
EndProject
Project("{FAE04EC0-301F-11D3-BF4B-00C04F79EFBC}") = "09", "2022\09\09.csproj", "{82D5C984-DDCB-44B1-ADB6-D306A8928E66}"
EndProject
Project("{FAE04EC0-301F-11D3-BF4B-00C04F79EFBC}") = "10", "2022\10\10.csproj", "{A7DFE64B-E837-489E-A9B5-1EA0880E2D19}"
EndProject
Project("{FAE04EC0-301F-11D3-BF4B-00C04F79EFBC}") = "11", "2022\11\11.csproj", "{E1679EF3-761D-4D93-B226-289FDB0F8906}"
EndProject
Project("{FAE04EC0-301F-11D3-BF4B-00C04F79EFBC}") = "12", "2022\12\12.csproj", "{13BC17F8-B8CD-4636-AFFB-F81D2F3FBB63}"
EndProject
Project("{FAE04EC0-301F-11D3-BF4B-00C04F79EFBC}") = "13", "2022\13\13.csproj", "{04835CE2-A2CC-4A57-8130-B73985FF95BB}"
EndProject
Project("{FAE04EC0-301F-11D3-BF4B-00C04F79EFBC}") = "14", "2022\14\14.csproj", "{E9721CB1-F8EE-4C9D-9CF7-DC74DD7FD78C}"
EndProject
Project("{FAE04EC0-301F-11D3-BF4B-00C04F79EFBC}") = "15", "2022\15\15.csproj", "{7EF3C46D-B40B-4BB3-B866-DAE3DADC0B60}"
EndProject
Project("{FAE04EC0-301F-11D3-BF4B-00C04F79EFBC}") = "16", "2022\16\16.csproj", "{F0B73346-2F3F-4101-9723-2D4F1044BBCF}"
EndProject
Project("{FAE04EC0-301F-11D3-BF4B-00C04F79EFBC}") = "17", "2022\17\17.csproj", "{E03DDD89-2FA6-4203-9BC1-3B6328310A60}"
EndProject
Project("{FAE04EC0-301F-11D3-BF4B-00C04F79EFBC}") = "18", "2022\18\18.csproj", "{A343BC37-5805-44FD-8807-BCF527FAE13D}"
EndProject
Project("{FAE04EC0-301F-11D3-BF4B-00C04F79EFBC}") = "19", "2022\19\19.csproj", "{F00C4502-0785-4057-BCE3-B0A6BCBE57BB}"
EndProject
Project("{FAE04EC0-301F-11D3-BF4B-00C04F79EFBC}") = "20", "2022\20\20.csproj", "{C1B38E6F-7B61-41C2-B65E-F435E652C7DE}"
EndProject
Project("{FAE04EC0-301F-11D3-BF4B-00C04F79EFBC}") = "21", "2022\21\21.csproj", "{B621D6A4-312F-4DED-88D0-83963001E003}"
EndProject
Project("{FAE04EC0-301F-11D3-BF4B-00C04F79EFBC}") = "22", "2022\22\22.csproj", "{FE850969-1877-47C6-90DC-620D25381DFF}"
EndProject
Project("{FAE04EC0-301F-11D3-BF4B-00C04F79EFBC}") = "23", "2022\23\23.csproj", "{BA743E84-F581-4C21-AE4D-22C8499E7F28}"
EndProject
Project("{FAE04EC0-301F-11D3-BF4B-00C04F79EFBC}") = "24", "2022\24\24.csproj", "{1CD6A141-9395-40DF-851B-B446532C7DA8}"
EndProject
Project("{FAE04EC0-301F-11D3-BF4B-00C04F79EFBC}") = "25", "2022\25\25.csproj", "{9E33DB9A-CFB3-4420-9DE1-8A7F6945B82C}"
EndProject
Project("{FAE04EC0-301F-11D3-BF4B-00C04F79EFBC}") = "02", "2015\02\02.csproj", "{0248C196-9077-4F28-AD73-5BF9CEBED6CB}"
EndProject
Project("{FAE04EC0-301F-11D3-BF4B-00C04F79EFBC}") = "03", "2015\03\03.csproj", "{B379EED0-3253-4E63-AEBE-F1BEF92F59F3}"
EndProject
Project("{FAE04EC0-301F-11D3-BF4B-00C04F79EFBC}") = "04", "2015\04\04.csproj", "{B89EF485-1808-4C42-A9D4-18445D0B06C5}"
EndProject
Project("{FAE04EC0-301F-11D3-BF4B-00C04F79EFBC}") = "05", "2015\05\05.csproj", "{9CA77545-E3D2-467D-ACBC-12D9A726B988}"
EndProject
Project("{FAE04EC0-301F-11D3-BF4B-00C04F79EFBC}") = "06", "2015\06\06.csproj", "{707D4844-6317-48AC-9587-9B283BB50BDF}"
EndProject
Project("{FAE04EC0-301F-11D3-BF4B-00C04F79EFBC}") = "07", "2015\07\07.csproj", "{D8D51697-282F-43E0-A2E6-F086FB66DB9B}"
EndProject
Project("{FAE04EC0-301F-11D3-BF4B-00C04F79EFBC}") = "08", "2015\08\08.csproj", "{1D1B1C8E-097D-47B1-B139-2E3A4BABD316}"
EndProject
Project("{FAE04EC0-301F-11D3-BF4B-00C04F79EFBC}") = "09", "2015\09\09.csproj", "{8370DE60-EE10-4846-BC78-9E7AF98F74BF}"
EndProject
Project("{FAE04EC0-301F-11D3-BF4B-00C04F79EFBC}") = "10", "2015\10\10.csproj", "{C4C0C187-FE72-4204-985F-72554F7E71C1}"
EndProject
Project("{FAE04EC0-301F-11D3-BF4B-00C04F79EFBC}") = "11", "2015\11\11.csproj", "{3D591FAA-297D-4080-80F9-70409B48DC67}"
EndProject
Project("{FAE04EC0-301F-11D3-BF4B-00C04F79EFBC}") = "12", "2015\12\12.csproj", "{6527178C-5214-42B5-82A2-2228620008E4}"
EndProject
Project("{FAE04EC0-301F-11D3-BF4B-00C04F79EFBC}") = "13", "2015\13\13.csproj", "{C1979DB5-E002-494C-A059-EF407E1CF238}"
EndProject
Project("{FAE04EC0-301F-11D3-BF4B-00C04F79EFBC}") = "14", "2015\14\14.csproj", "{DA648114-A916-48B4-8930-C6F3348973D5}"
EndProject
Project("{FAE04EC0-301F-11D3-BF4B-00C04F79EFBC}") = "15", "2015\15\15.csproj", "{C440F99A-AF45-49CE-A6D7-75281C11B9BA}"
EndProject
Project("{FAE04EC0-301F-11D3-BF4B-00C04F79EFBC}") = "16", "2015\16\16.csproj", "{8FECC7E2-186D-4084-A9A3-E5A83008B13B}"
EndProject
Project("{FAE04EC0-301F-11D3-BF4B-00C04F79EFBC}") = "17", "2015\17\17.csproj", "{7EEBBA18-C1BC-406E-BDA0-07E073FB1537}"
EndProject
Project("{FAE04EC0-301F-11D3-BF4B-00C04F79EFBC}") = "18", "2015\18\18.csproj", "{3E21C1C7-9641-4CE9-9C83-0230B2D50D29}"
EndProject
Project("{FAE04EC0-301F-11D3-BF4B-00C04F79EFBC}") = "19", "2015\19\19.csproj", "{FA962BAD-7D28-45C3-8FE8-AD10C8017E98}"
EndProject
Project("{FAE04EC0-301F-11D3-BF4B-00C04F79EFBC}") = "20", "2015\20\20.csproj", "{0FA4E125-94CA-487A-A707-A2348878AEB5}"
EndProject
Project("{FAE04EC0-301F-11D3-BF4B-00C04F79EFBC}") = "21", "2015\21\21.csproj", "{7FC880BD-DFF5-4E14-BE41-0808F36F5450}"
EndProject
Project("{FAE04EC0-301F-11D3-BF4B-00C04F79EFBC}") = "22", "2015\22\22.csproj", "{322167D3-DBB5-4663-A893-18CC8747BF4E}"
EndProject
Project("{FAE04EC0-301F-11D3-BF4B-00C04F79EFBC}") = "23", "2015\23\23.csproj", "{A097904A-B5C4-4B4F-B0CE-92C76FE9C55C}"
EndProject
Project("{FAE04EC0-301F-11D3-BF4B-00C04F79EFBC}") = "24", "2015\24\24.csproj", "{8C7162C3-6B5B-4609-8731-074AE354DF66}"
EndProject
Project("{FAE04EC0-301F-11D3-BF4B-00C04F79EFBC}") = "25", "2015\25\25.csproj", "{3214372B-34D4-4064-9122-6086ABBCF155}"
EndProject
Project("{2150E333-8FDC-42A3-9474-1A3956D46DE8}") = "2016", "2016", "{270724FB-B091-4FB1-9860-49CB065F492B}"
EndProject
Project("{FAE04EC0-301F-11D3-BF4B-00C04F79EFBC}") = "01", "2016\01\01.csproj", "{1DF7B5A5-D91A-4587-B858-38CB9FAFD8A4}"
EndProject
Project("{FAE04EC0-301F-11D3-BF4B-00C04F79EFBC}") = "02", "2016\02\02.csproj", "{3C96E971-C9C6-4921-8B29-8D2D125E072C}"
EndProject
Project("{FAE04EC0-301F-11D3-BF4B-00C04F79EFBC}") = "03", "2016\03\03.csproj", "{40D7618D-858F-4479-BCAA-A806584E5BE3}"
EndProject
Project("{FAE04EC0-301F-11D3-BF4B-00C04F79EFBC}") = "04", "2016\04\04.csproj", "{6AE5C43B-89F7-4A42-B283-06C64AD1A436}"
EndProject
Project("{FAE04EC0-301F-11D3-BF4B-00C04F79EFBC}") = "05", "2016\05\05.csproj", "{AC09E6B1-24E2-452E-97A0-FDC4A41EDC4A}"
EndProject
Project("{FAE04EC0-301F-11D3-BF4B-00C04F79EFBC}") = "06", "2016\06\06.csproj", "{8C9600D5-1B91-409A-9F91-791DD7382256}"
EndProject
Project("{FAE04EC0-301F-11D3-BF4B-00C04F79EFBC}") = "07", "2016\07\07.csproj", "{E35779BD-5BFB-4265-9C87-D6CDD0A7FB05}"
EndProject
Project("{FAE04EC0-301F-11D3-BF4B-00C04F79EFBC}") = "08", "2016\08\08.csproj", "{A84DA224-B30D-40A3-9629-6B52DB5C1E76}"
EndProject
Project("{FAE04EC0-301F-11D3-BF4B-00C04F79EFBC}") = "09", "2016\09\09.csproj", "{A09F9701-4B7E-4BD8-AA6D-292F9D61E046}"
EndProject
Project("{FAE04EC0-301F-11D3-BF4B-00C04F79EFBC}") = "10", "2016\10\10.csproj", "{BE4556EC-CCEF-4616-84D9-CC9CD539F45F}"
EndProject
Project("{FAE04EC0-301F-11D3-BF4B-00C04F79EFBC}") = "11", "2016\11\11.csproj", "{E5303FC4-2896-4131-8F74-29DDEAD9598E}"
EndProject
Project("{FAE04EC0-301F-11D3-BF4B-00C04F79EFBC}") = "12", "2016\12\12.csproj", "{881B7346-7A7E-4E41-BAEA-915CBE98A177}"
EndProject
Project("{FAE04EC0-301F-11D3-BF4B-00C04F79EFBC}") = "13", "2016\13\13.csproj", "{3833BC3E-2DD5-452E-B2A0-60C847B665F8}"
EndProject
Project("{FAE04EC0-301F-11D3-BF4B-00C04F79EFBC}") = "14", "2016\14\14.csproj", "{2E077375-4B93-4836-B521-9AA45A8FA1FB}"
EndProject
Project("{FAE04EC0-301F-11D3-BF4B-00C04F79EFBC}") = "15", "2016\15\15.csproj", "{F0777620-CB8E-4F9F-9214-4968752FE715}"
EndProject
Project("{FAE04EC0-301F-11D3-BF4B-00C04F79EFBC}") = "16", "2016\16\16.csproj", "{CE98DE71-B1A9-48C2-91B0-1E9CFC3C432C}"
EndProject
Project("{FAE04EC0-301F-11D3-BF4B-00C04F79EFBC}") = "17", "2016\17\17.csproj", "{41F7DD8D-9DEB-4D4C-AAD3-F1C672DF0A26}"
EndProject
Project("{FAE04EC0-301F-11D3-BF4B-00C04F79EFBC}") = "18", "2016\18\18.csproj", "{F9198212-5A0F-43B2-A5E7-947E6ED392C4}"
EndProject
Project("{FAE04EC0-301F-11D3-BF4B-00C04F79EFBC}") = "19", "2016\19\19.csproj", "{92E7BF4C-70B4-4543-A6AB-D6F5B6F1C26F}"
EndProject
Project("{FAE04EC0-301F-11D3-BF4B-00C04F79EFBC}") = "20", "2016\20\20.csproj", "{56FED4EA-8CE5-4692-A885-F090B8D708AE}"
EndProject
Project("{FAE04EC0-301F-11D3-BF4B-00C04F79EFBC}") = "21", "2016\21\21.csproj", "{687D7116-4105-4429-9618-732ADF065890}"
EndProject
Project("{FAE04EC0-301F-11D3-BF4B-00C04F79EFBC}") = "22", "2016\22\22.csproj", "{904F9B69-E519-42C7-9ABB-A7D7BCD5D239}"
EndProject
Project("{FAE04EC0-301F-11D3-BF4B-00C04F79EFBC}") = "23", "2016\23\23.csproj", "{48DAE35E-D4E6-4A12-B9FE-2002DD36F8FB}"
EndProject
Project("{FAE04EC0-301F-11D3-BF4B-00C04F79EFBC}") = "24", "2016\24\24.csproj", "{692E2017-953C-4309-8127-050B4962A41E}"
EndProject
Project("{FAE04EC0-301F-11D3-BF4B-00C04F79EFBC}") = "25", "2016\25\25.csproj", "{A516F962-DF04-4636-B0E7-3BFAF3C2EED9}"
EndProject
Project("{2150E333-8FDC-42A3-9474-1A3956D46DE8}") = "2017", "2017", "{27D93D27-9775-4E04-AD66-5E2D8D9965BE}"
EndProject
Project("{FAE04EC0-301F-11D3-BF4B-00C04F79EFBC}") = "01", "2017\01\01.csproj", "{ED286DA2-3B9D-4745-B004-D282ABFA7A0A}"
EndProject
Project("{FAE04EC0-301F-11D3-BF4B-00C04F79EFBC}") = "02", "2017\02\02.csproj", "{A14FE664-E5A5-4195-BD8B-3994E137E9DA}"
EndProject
Project("{FAE04EC0-301F-11D3-BF4B-00C04F79EFBC}") = "03", "2017\03\03.csproj", "{CD955588-D135-46B9-BBA9-58E65E4CAED7}"
EndProject
Project("{FAE04EC0-301F-11D3-BF4B-00C04F79EFBC}") = "04", "2017\04\04.csproj", "{E20CD1FE-24E0-4419-A59B-BE68D4672D5D}"
EndProject
Project("{FAE04EC0-301F-11D3-BF4B-00C04F79EFBC}") = "05", "2017\05\05.csproj", "{F14A9315-8862-4C53-80F3-4971B04A2734}"
EndProject
Project("{FAE04EC0-301F-11D3-BF4B-00C04F79EFBC}") = "06", "2017\06\06.csproj", "{4A9161A3-D87D-4F1A-9A8F-AEF975EB2CBA}"
EndProject
Project("{FAE04EC0-301F-11D3-BF4B-00C04F79EFBC}") = "07", "2017\07\07.csproj", "{1F8F6C66-6C45-4491-8F6D-F02683F80D75}"
EndProject
Project("{FAE04EC0-301F-11D3-BF4B-00C04F79EFBC}") = "08", "2017\08\08.csproj", "{F1603151-C61B-4398-B7FC-0ACF21A4A781}"
EndProject
Project("{FAE04EC0-301F-11D3-BF4B-00C04F79EFBC}") = "09", "2017\09\09.csproj", "{7BD09EF5-9EEE-4085-8FEA-4F54AB1E524F}"
EndProject
Project("{FAE04EC0-301F-11D3-BF4B-00C04F79EFBC}") = "10", "2017\10\10.csproj", "{8E49DE41-5FFE-40C9-AB92-F559157EBF69}"
EndProject
Project("{FAE04EC0-301F-11D3-BF4B-00C04F79EFBC}") = "11", "2017\11\11.csproj", "{794E0B33-472C-4772-95F4-F67E5B5254F1}"
EndProject
Project("{FAE04EC0-301F-11D3-BF4B-00C04F79EFBC}") = "12", "2017\12\12.csproj", "{5614CCA5-400C-4213-8CC9-DF897FAD1FA1}"
EndProject
Project("{FAE04EC0-301F-11D3-BF4B-00C04F79EFBC}") = "13", "2017\13\13.csproj", "{6E901461-398F-4960-BFAB-29254B7DABB4}"
EndProject
Project("{FAE04EC0-301F-11D3-BF4B-00C04F79EFBC}") = "14", "2017\14\14.csproj", "{EC70404C-5150-4DFE-93DC-FC8AC26A754A}"
EndProject
Project("{FAE04EC0-301F-11D3-BF4B-00C04F79EFBC}") = "15", "2017\15\15.csproj", "{899458DD-6F2C-4494-BFF6-C7EBB40E0863}"
EndProject
Global
	GlobalSection(SolutionConfigurationPlatforms) = preSolution
		Debug|Any CPU = Debug|Any CPU
		Release|Any CPU = Release|Any CPU
	EndGlobalSection
	GlobalSection(ProjectConfigurationPlatforms) = postSolution
		{41F165A5-1E13-402F-8ABF-ED8505C4DFE9}.Debug|Any CPU.ActiveCfg = Debug|Any CPU
		{41F165A5-1E13-402F-8ABF-ED8505C4DFE9}.Debug|Any CPU.Build.0 = Debug|Any CPU
		{41F165A5-1E13-402F-8ABF-ED8505C4DFE9}.Release|Any CPU.ActiveCfg = Release|Any CPU
		{41F165A5-1E13-402F-8ABF-ED8505C4DFE9}.Release|Any CPU.Build.0 = Release|Any CPU
		{EBD7B3DB-1E03-4270-B78B-9C2BFA8ACAF6}.Debug|Any CPU.ActiveCfg = Debug|Any CPU
		{EBD7B3DB-1E03-4270-B78B-9C2BFA8ACAF6}.Debug|Any CPU.Build.0 = Debug|Any CPU
		{EBD7B3DB-1E03-4270-B78B-9C2BFA8ACAF6}.Release|Any CPU.ActiveCfg = Release|Any CPU
		{EBD7B3DB-1E03-4270-B78B-9C2BFA8ACAF6}.Release|Any CPU.Build.0 = Release|Any CPU
		{D0C5405D-54F6-444E-ADAB-C7F94F84A236}.Debug|Any CPU.ActiveCfg = Debug|Any CPU
		{D0C5405D-54F6-444E-ADAB-C7F94F84A236}.Debug|Any CPU.Build.0 = Debug|Any CPU
		{D0C5405D-54F6-444E-ADAB-C7F94F84A236}.Release|Any CPU.ActiveCfg = Release|Any CPU
		{D0C5405D-54F6-444E-ADAB-C7F94F84A236}.Release|Any CPU.Build.0 = Release|Any CPU
		{9E1BE11B-49EA-464C-813E-6B149A9C4F83}.Debug|Any CPU.ActiveCfg = Debug|Any CPU
		{9E1BE11B-49EA-464C-813E-6B149A9C4F83}.Debug|Any CPU.Build.0 = Debug|Any CPU
		{9E1BE11B-49EA-464C-813E-6B149A9C4F83}.Release|Any CPU.ActiveCfg = Release|Any CPU
		{9E1BE11B-49EA-464C-813E-6B149A9C4F83}.Release|Any CPU.Build.0 = Release|Any CPU
		{8DF2B6F6-F3D4-4D17-AD00-E0452F7E648B}.Debug|Any CPU.ActiveCfg = Debug|Any CPU
		{8DF2B6F6-F3D4-4D17-AD00-E0452F7E648B}.Debug|Any CPU.Build.0 = Debug|Any CPU
		{8DF2B6F6-F3D4-4D17-AD00-E0452F7E648B}.Release|Any CPU.ActiveCfg = Release|Any CPU
		{8DF2B6F6-F3D4-4D17-AD00-E0452F7E648B}.Release|Any CPU.Build.0 = Release|Any CPU
		{5C250DB0-5462-41AA-9A71-9143F257834A}.Debug|Any CPU.ActiveCfg = Debug|Any CPU
		{5C250DB0-5462-41AA-9A71-9143F257834A}.Debug|Any CPU.Build.0 = Debug|Any CPU
		{5C250DB0-5462-41AA-9A71-9143F257834A}.Release|Any CPU.ActiveCfg = Release|Any CPU
		{5C250DB0-5462-41AA-9A71-9143F257834A}.Release|Any CPU.Build.0 = Release|Any CPU
		{4B1D2EDA-6E43-4933-8950-A4A479AE0336}.Debug|Any CPU.ActiveCfg = Debug|Any CPU
		{4B1D2EDA-6E43-4933-8950-A4A479AE0336}.Debug|Any CPU.Build.0 = Debug|Any CPU
		{4B1D2EDA-6E43-4933-8950-A4A479AE0336}.Release|Any CPU.ActiveCfg = Release|Any CPU
		{4B1D2EDA-6E43-4933-8950-A4A479AE0336}.Release|Any CPU.Build.0 = Release|Any CPU
		{928AED0A-8626-46A7-96C2-4365C2B8C4E4}.Debug|Any CPU.ActiveCfg = Debug|Any CPU
		{928AED0A-8626-46A7-96C2-4365C2B8C4E4}.Debug|Any CPU.Build.0 = Debug|Any CPU
		{928AED0A-8626-46A7-96C2-4365C2B8C4E4}.Release|Any CPU.ActiveCfg = Release|Any CPU
		{928AED0A-8626-46A7-96C2-4365C2B8C4E4}.Release|Any CPU.Build.0 = Release|Any CPU
		{0E202A05-2297-4334-BAD2-9389E3CCAEEF}.Debug|Any CPU.ActiveCfg = Debug|Any CPU
		{0E202A05-2297-4334-BAD2-9389E3CCAEEF}.Debug|Any CPU.Build.0 = Debug|Any CPU
		{0E202A05-2297-4334-BAD2-9389E3CCAEEF}.Release|Any CPU.ActiveCfg = Release|Any CPU
		{0E202A05-2297-4334-BAD2-9389E3CCAEEF}.Release|Any CPU.Build.0 = Release|Any CPU
		{F69D4548-537C-41BE-99AF-AE2E29618F84}.Debug|Any CPU.ActiveCfg = Debug|Any CPU
		{F69D4548-537C-41BE-99AF-AE2E29618F84}.Debug|Any CPU.Build.0 = Debug|Any CPU
		{F69D4548-537C-41BE-99AF-AE2E29618F84}.Release|Any CPU.ActiveCfg = Release|Any CPU
		{F69D4548-537C-41BE-99AF-AE2E29618F84}.Release|Any CPU.Build.0 = Release|Any CPU
		{2B560652-4AC2-42E3-B122-C3C750D47A3F}.Debug|Any CPU.ActiveCfg = Debug|Any CPU
		{2B560652-4AC2-42E3-B122-C3C750D47A3F}.Debug|Any CPU.Build.0 = Debug|Any CPU
		{2B560652-4AC2-42E3-B122-C3C750D47A3F}.Release|Any CPU.ActiveCfg = Release|Any CPU
		{2B560652-4AC2-42E3-B122-C3C750D47A3F}.Release|Any CPU.Build.0 = Release|Any CPU
		{CBA9B967-68BE-48E4-8FA6-77541E4CC051}.Debug|Any CPU.ActiveCfg = Debug|Any CPU
		{CBA9B967-68BE-48E4-8FA6-77541E4CC051}.Debug|Any CPU.Build.0 = Debug|Any CPU
		{CBA9B967-68BE-48E4-8FA6-77541E4CC051}.Release|Any CPU.ActiveCfg = Release|Any CPU
		{CBA9B967-68BE-48E4-8FA6-77541E4CC051}.Release|Any CPU.Build.0 = Release|Any CPU
		{320F3709-2CAB-4D99-9FF8-2719F6CDE675}.Debug|Any CPU.ActiveCfg = Debug|Any CPU
		{320F3709-2CAB-4D99-9FF8-2719F6CDE675}.Debug|Any CPU.Build.0 = Debug|Any CPU
		{320F3709-2CAB-4D99-9FF8-2719F6CDE675}.Release|Any CPU.ActiveCfg = Release|Any CPU
		{320F3709-2CAB-4D99-9FF8-2719F6CDE675}.Release|Any CPU.Build.0 = Release|Any CPU
		{4347C740-6D5D-4EC8-B041-4F5DB0B224F4}.Debug|Any CPU.ActiveCfg = Debug|Any CPU
		{4347C740-6D5D-4EC8-B041-4F5DB0B224F4}.Debug|Any CPU.Build.0 = Debug|Any CPU
		{4347C740-6D5D-4EC8-B041-4F5DB0B224F4}.Release|Any CPU.ActiveCfg = Release|Any CPU
		{4347C740-6D5D-4EC8-B041-4F5DB0B224F4}.Release|Any CPU.Build.0 = Release|Any CPU
		{2D0C5B10-7694-4335-B35B-C545322C825B}.Debug|Any CPU.ActiveCfg = Debug|Any CPU
		{2D0C5B10-7694-4335-B35B-C545322C825B}.Debug|Any CPU.Build.0 = Debug|Any CPU
		{2D0C5B10-7694-4335-B35B-C545322C825B}.Release|Any CPU.ActiveCfg = Release|Any CPU
		{2D0C5B10-7694-4335-B35B-C545322C825B}.Release|Any CPU.Build.0 = Release|Any CPU
		{3107DDEA-C77A-4810-87E9-F51103EA9112}.Debug|Any CPU.ActiveCfg = Debug|Any CPU
		{3107DDEA-C77A-4810-87E9-F51103EA9112}.Debug|Any CPU.Build.0 = Debug|Any CPU
		{3107DDEA-C77A-4810-87E9-F51103EA9112}.Release|Any CPU.ActiveCfg = Release|Any CPU
		{3107DDEA-C77A-4810-87E9-F51103EA9112}.Release|Any CPU.Build.0 = Release|Any CPU
		{49DE59D1-04FD-4D11-97C5-2FA603F59857}.Debug|Any CPU.ActiveCfg = Debug|Any CPU
		{49DE59D1-04FD-4D11-97C5-2FA603F59857}.Debug|Any CPU.Build.0 = Debug|Any CPU
		{49DE59D1-04FD-4D11-97C5-2FA603F59857}.Release|Any CPU.ActiveCfg = Release|Any CPU
		{49DE59D1-04FD-4D11-97C5-2FA603F59857}.Release|Any CPU.Build.0 = Release|Any CPU
		{EA3A5747-6EA8-4E81-BB34-93B68FAA62A2}.Debug|Any CPU.ActiveCfg = Debug|Any CPU
		{EA3A5747-6EA8-4E81-BB34-93B68FAA62A2}.Debug|Any CPU.Build.0 = Debug|Any CPU
		{EA3A5747-6EA8-4E81-BB34-93B68FAA62A2}.Release|Any CPU.ActiveCfg = Release|Any CPU
		{EA3A5747-6EA8-4E81-BB34-93B68FAA62A2}.Release|Any CPU.Build.0 = Release|Any CPU
		{3CDAEE0D-900A-44CE-8658-7DD090A75D58}.Debug|Any CPU.ActiveCfg = Debug|Any CPU
		{3CDAEE0D-900A-44CE-8658-7DD090A75D58}.Debug|Any CPU.Build.0 = Debug|Any CPU
		{3CDAEE0D-900A-44CE-8658-7DD090A75D58}.Release|Any CPU.ActiveCfg = Release|Any CPU
		{3CDAEE0D-900A-44CE-8658-7DD090A75D58}.Release|Any CPU.Build.0 = Release|Any CPU
		{C460E7B1-329B-496B-91D3-14C7C3CBD355}.Debug|Any CPU.ActiveCfg = Debug|Any CPU
		{C460E7B1-329B-496B-91D3-14C7C3CBD355}.Debug|Any CPU.Build.0 = Debug|Any CPU
		{C460E7B1-329B-496B-91D3-14C7C3CBD355}.Release|Any CPU.ActiveCfg = Release|Any CPU
		{C460E7B1-329B-496B-91D3-14C7C3CBD355}.Release|Any CPU.Build.0 = Release|Any CPU
		{F23FA9F6-B298-4998-B631-CFBFF74DC5B1}.Debug|Any CPU.ActiveCfg = Debug|Any CPU
		{F23FA9F6-B298-4998-B631-CFBFF74DC5B1}.Debug|Any CPU.Build.0 = Debug|Any CPU
		{F23FA9F6-B298-4998-B631-CFBFF74DC5B1}.Release|Any CPU.ActiveCfg = Release|Any CPU
		{F23FA9F6-B298-4998-B631-CFBFF74DC5B1}.Release|Any CPU.Build.0 = Release|Any CPU
		{B3598A2D-71C8-4352-BC14-8C5166F44A64}.Debug|Any CPU.ActiveCfg = Debug|Any CPU
		{B3598A2D-71C8-4352-BC14-8C5166F44A64}.Debug|Any CPU.Build.0 = Debug|Any CPU
		{B3598A2D-71C8-4352-BC14-8C5166F44A64}.Release|Any CPU.ActiveCfg = Release|Any CPU
		{B3598A2D-71C8-4352-BC14-8C5166F44A64}.Release|Any CPU.Build.0 = Release|Any CPU
		{D21E7005-0FD2-4373-AB3D-8203E3BA7BF9}.Debug|Any CPU.ActiveCfg = Debug|Any CPU
		{D21E7005-0FD2-4373-AB3D-8203E3BA7BF9}.Debug|Any CPU.Build.0 = Debug|Any CPU
		{D21E7005-0FD2-4373-AB3D-8203E3BA7BF9}.Release|Any CPU.ActiveCfg = Release|Any CPU
		{D21E7005-0FD2-4373-AB3D-8203E3BA7BF9}.Release|Any CPU.Build.0 = Release|Any CPU
		{123D1AB2-8C21-42C3-BE7B-7E2E5D5D3EE8}.Debug|Any CPU.ActiveCfg = Debug|Any CPU
		{123D1AB2-8C21-42C3-BE7B-7E2E5D5D3EE8}.Debug|Any CPU.Build.0 = Debug|Any CPU
		{123D1AB2-8C21-42C3-BE7B-7E2E5D5D3EE8}.Release|Any CPU.ActiveCfg = Release|Any CPU
		{123D1AB2-8C21-42C3-BE7B-7E2E5D5D3EE8}.Release|Any CPU.Build.0 = Release|Any CPU
		{63F57B31-B771-42E8-8CF5-6AA82C208214}.Debug|Any CPU.ActiveCfg = Debug|Any CPU
		{63F57B31-B771-42E8-8CF5-6AA82C208214}.Debug|Any CPU.Build.0 = Debug|Any CPU
		{63F57B31-B771-42E8-8CF5-6AA82C208214}.Release|Any CPU.ActiveCfg = Release|Any CPU
		{63F57B31-B771-42E8-8CF5-6AA82C208214}.Release|Any CPU.Build.0 = Release|Any CPU
		{DC2095F7-6E71-409A-859E-16FA23F2E34A}.Debug|Any CPU.ActiveCfg = Debug|Any CPU
		{DC2095F7-6E71-409A-859E-16FA23F2E34A}.Debug|Any CPU.Build.0 = Debug|Any CPU
		{DC2095F7-6E71-409A-859E-16FA23F2E34A}.Release|Any CPU.ActiveCfg = Release|Any CPU
		{DC2095F7-6E71-409A-859E-16FA23F2E34A}.Release|Any CPU.Build.0 = Release|Any CPU
		{41C6D121-035A-43F7-BB9B-2B272D8D2E6E}.Debug|Any CPU.ActiveCfg = Debug|Any CPU
		{41C6D121-035A-43F7-BB9B-2B272D8D2E6E}.Debug|Any CPU.Build.0 = Debug|Any CPU
		{41C6D121-035A-43F7-BB9B-2B272D8D2E6E}.Release|Any CPU.ActiveCfg = Release|Any CPU
		{41C6D121-035A-43F7-BB9B-2B272D8D2E6E}.Release|Any CPU.Build.0 = Release|Any CPU
		{B38D2D74-DE41-4DF2-AD68-B7AFB7D09FFE}.Debug|Any CPU.ActiveCfg = Debug|Any CPU
		{B38D2D74-DE41-4DF2-AD68-B7AFB7D09FFE}.Debug|Any CPU.Build.0 = Debug|Any CPU
		{B38D2D74-DE41-4DF2-AD68-B7AFB7D09FFE}.Release|Any CPU.ActiveCfg = Release|Any CPU
		{B38D2D74-DE41-4DF2-AD68-B7AFB7D09FFE}.Release|Any CPU.Build.0 = Release|Any CPU
		{0C2E42F2-4616-4667-9BEB-29A5D58D71A5}.Debug|Any CPU.ActiveCfg = Debug|Any CPU
		{0C2E42F2-4616-4667-9BEB-29A5D58D71A5}.Debug|Any CPU.Build.0 = Debug|Any CPU
		{0C2E42F2-4616-4667-9BEB-29A5D58D71A5}.Release|Any CPU.ActiveCfg = Release|Any CPU
		{0C2E42F2-4616-4667-9BEB-29A5D58D71A5}.Release|Any CPU.Build.0 = Release|Any CPU
		{53AE7977-37B4-4C47-B82B-28A2A5EC2EF4}.Debug|Any CPU.ActiveCfg = Debug|Any CPU
		{53AE7977-37B4-4C47-B82B-28A2A5EC2EF4}.Debug|Any CPU.Build.0 = Debug|Any CPU
		{53AE7977-37B4-4C47-B82B-28A2A5EC2EF4}.Release|Any CPU.ActiveCfg = Release|Any CPU
		{53AE7977-37B4-4C47-B82B-28A2A5EC2EF4}.Release|Any CPU.Build.0 = Release|Any CPU
		{E9638E9D-8D86-488F-9DA7-632828C5E708}.Debug|Any CPU.ActiveCfg = Debug|Any CPU
		{E9638E9D-8D86-488F-9DA7-632828C5E708}.Debug|Any CPU.Build.0 = Debug|Any CPU
		{E9638E9D-8D86-488F-9DA7-632828C5E708}.Release|Any CPU.ActiveCfg = Release|Any CPU
		{E9638E9D-8D86-488F-9DA7-632828C5E708}.Release|Any CPU.Build.0 = Release|Any CPU
		{706749BF-1C09-426F-959B-611DE30080E4}.Debug|Any CPU.ActiveCfg = Debug|Any CPU
		{706749BF-1C09-426F-959B-611DE30080E4}.Debug|Any CPU.Build.0 = Debug|Any CPU
		{706749BF-1C09-426F-959B-611DE30080E4}.Release|Any CPU.ActiveCfg = Release|Any CPU
		{706749BF-1C09-426F-959B-611DE30080E4}.Release|Any CPU.Build.0 = Release|Any CPU
		{971F22FD-DDD1-4735-9E61-C9F34F8D37E1}.Debug|Any CPU.ActiveCfg = Debug|Any CPU
		{971F22FD-DDD1-4735-9E61-C9F34F8D37E1}.Debug|Any CPU.Build.0 = Debug|Any CPU
		{971F22FD-DDD1-4735-9E61-C9F34F8D37E1}.Release|Any CPU.ActiveCfg = Release|Any CPU
		{971F22FD-DDD1-4735-9E61-C9F34F8D37E1}.Release|Any CPU.Build.0 = Release|Any CPU
		{2D42B552-8B65-4EAC-8E85-270CAEA13642}.Debug|Any CPU.ActiveCfg = Debug|Any CPU
		{2D42B552-8B65-4EAC-8E85-270CAEA13642}.Debug|Any CPU.Build.0 = Debug|Any CPU
		{2D42B552-8B65-4EAC-8E85-270CAEA13642}.Release|Any CPU.ActiveCfg = Release|Any CPU
		{2D42B552-8B65-4EAC-8E85-270CAEA13642}.Release|Any CPU.Build.0 = Release|Any CPU
		{0A359CFD-2ADC-4CC4-902A-9A0111C59A20}.Debug|Any CPU.ActiveCfg = Debug|Any CPU
		{0A359CFD-2ADC-4CC4-902A-9A0111C59A20}.Debug|Any CPU.Build.0 = Debug|Any CPU
		{0A359CFD-2ADC-4CC4-902A-9A0111C59A20}.Release|Any CPU.ActiveCfg = Release|Any CPU
		{0A359CFD-2ADC-4CC4-902A-9A0111C59A20}.Release|Any CPU.Build.0 = Release|Any CPU
		{CF60BB1B-477C-47D6-B182-A887207A362C}.Debug|Any CPU.ActiveCfg = Debug|Any CPU
		{CF60BB1B-477C-47D6-B182-A887207A362C}.Debug|Any CPU.Build.0 = Debug|Any CPU
		{CF60BB1B-477C-47D6-B182-A887207A362C}.Release|Any CPU.ActiveCfg = Release|Any CPU
		{CF60BB1B-477C-47D6-B182-A887207A362C}.Release|Any CPU.Build.0 = Release|Any CPU
		{34ED5281-B4E7-4A1B-B505-C59EDC704C29}.Debug|Any CPU.ActiveCfg = Debug|Any CPU
		{34ED5281-B4E7-4A1B-B505-C59EDC704C29}.Debug|Any CPU.Build.0 = Debug|Any CPU
		{34ED5281-B4E7-4A1B-B505-C59EDC704C29}.Release|Any CPU.ActiveCfg = Release|Any CPU
		{34ED5281-B4E7-4A1B-B505-C59EDC704C29}.Release|Any CPU.Build.0 = Release|Any CPU
		{223AC32C-7E96-4D30-8991-A55F928592E7}.Debug|Any CPU.ActiveCfg = Debug|Any CPU
		{223AC32C-7E96-4D30-8991-A55F928592E7}.Debug|Any CPU.Build.0 = Debug|Any CPU
		{223AC32C-7E96-4D30-8991-A55F928592E7}.Release|Any CPU.ActiveCfg = Release|Any CPU
		{223AC32C-7E96-4D30-8991-A55F928592E7}.Release|Any CPU.Build.0 = Release|Any CPU
		{B1E870AC-0204-4C42-8A0A-B246A8F7FA8C}.Debug|Any CPU.ActiveCfg = Debug|Any CPU
		{B1E870AC-0204-4C42-8A0A-B246A8F7FA8C}.Debug|Any CPU.Build.0 = Debug|Any CPU
		{B1E870AC-0204-4C42-8A0A-B246A8F7FA8C}.Release|Any CPU.ActiveCfg = Release|Any CPU
		{B1E870AC-0204-4C42-8A0A-B246A8F7FA8C}.Release|Any CPU.Build.0 = Release|Any CPU
		{4C40DB5F-F221-447B-A80E-C9BF73841470}.Debug|Any CPU.ActiveCfg = Debug|Any CPU
		{4C40DB5F-F221-447B-A80E-C9BF73841470}.Debug|Any CPU.Build.0 = Debug|Any CPU
		{4C40DB5F-F221-447B-A80E-C9BF73841470}.Release|Any CPU.ActiveCfg = Release|Any CPU
		{4C40DB5F-F221-447B-A80E-C9BF73841470}.Release|Any CPU.Build.0 = Release|Any CPU
		{EFDDD571-343D-422A-820D-E2CCC6D01A33}.Debug|Any CPU.ActiveCfg = Debug|Any CPU
		{EFDDD571-343D-422A-820D-E2CCC6D01A33}.Debug|Any CPU.Build.0 = Debug|Any CPU
		{EFDDD571-343D-422A-820D-E2CCC6D01A33}.Release|Any CPU.ActiveCfg = Release|Any CPU
		{EFDDD571-343D-422A-820D-E2CCC6D01A33}.Release|Any CPU.Build.0 = Release|Any CPU
		{740024CD-3491-4A6E-A4B2-838B249EE20B}.Debug|Any CPU.ActiveCfg = Debug|Any CPU
		{740024CD-3491-4A6E-A4B2-838B249EE20B}.Debug|Any CPU.Build.0 = Debug|Any CPU
		{740024CD-3491-4A6E-A4B2-838B249EE20B}.Release|Any CPU.ActiveCfg = Release|Any CPU
		{740024CD-3491-4A6E-A4B2-838B249EE20B}.Release|Any CPU.Build.0 = Release|Any CPU
		{017225E0-927F-48EC-84C5-9A9453AAF689}.Debug|Any CPU.ActiveCfg = Debug|Any CPU
		{017225E0-927F-48EC-84C5-9A9453AAF689}.Debug|Any CPU.Build.0 = Debug|Any CPU
		{017225E0-927F-48EC-84C5-9A9453AAF689}.Release|Any CPU.ActiveCfg = Release|Any CPU
		{017225E0-927F-48EC-84C5-9A9453AAF689}.Release|Any CPU.Build.0 = Release|Any CPU
		{506A8ABF-51B5-498D-810D-7F7BE4E36DDE}.Debug|Any CPU.ActiveCfg = Debug|Any CPU
		{506A8ABF-51B5-498D-810D-7F7BE4E36DDE}.Debug|Any CPU.Build.0 = Debug|Any CPU
		{506A8ABF-51B5-498D-810D-7F7BE4E36DDE}.Release|Any CPU.ActiveCfg = Release|Any CPU
		{506A8ABF-51B5-498D-810D-7F7BE4E36DDE}.Release|Any CPU.Build.0 = Release|Any CPU
		{59834F85-D732-460D-84F1-FBB52266DE9B}.Debug|Any CPU.ActiveCfg = Debug|Any CPU
		{59834F85-D732-460D-84F1-FBB52266DE9B}.Debug|Any CPU.Build.0 = Debug|Any CPU
		{59834F85-D732-460D-84F1-FBB52266DE9B}.Release|Any CPU.ActiveCfg = Release|Any CPU
		{59834F85-D732-460D-84F1-FBB52266DE9B}.Release|Any CPU.Build.0 = Release|Any CPU
		{4C5CBE20-39B2-4B51-A5EE-FBF90C51D608}.Debug|Any CPU.ActiveCfg = Debug|Any CPU
		{4C5CBE20-39B2-4B51-A5EE-FBF90C51D608}.Debug|Any CPU.Build.0 = Debug|Any CPU
		{4C5CBE20-39B2-4B51-A5EE-FBF90C51D608}.Release|Any CPU.ActiveCfg = Release|Any CPU
		{4C5CBE20-39B2-4B51-A5EE-FBF90C51D608}.Release|Any CPU.Build.0 = Release|Any CPU
		{82D05586-60F8-4CC4-8B0B-AD8C7F79E56D}.Debug|Any CPU.ActiveCfg = Debug|Any CPU
		{82D05586-60F8-4CC4-8B0B-AD8C7F79E56D}.Debug|Any CPU.Build.0 = Debug|Any CPU
		{82D05586-60F8-4CC4-8B0B-AD8C7F79E56D}.Release|Any CPU.ActiveCfg = Release|Any CPU
		{82D05586-60F8-4CC4-8B0B-AD8C7F79E56D}.Release|Any CPU.Build.0 = Release|Any CPU
		{E9B7F126-0A84-4F36-BF57-F464C0A052E9}.Debug|Any CPU.ActiveCfg = Debug|Any CPU
		{E9B7F126-0A84-4F36-BF57-F464C0A052E9}.Debug|Any CPU.Build.0 = Debug|Any CPU
		{E9B7F126-0A84-4F36-BF57-F464C0A052E9}.Release|Any CPU.ActiveCfg = Release|Any CPU
		{E9B7F126-0A84-4F36-BF57-F464C0A052E9}.Release|Any CPU.Build.0 = Release|Any CPU
		{651AFADB-95A1-4D7F-BD90-B93F0D81506D}.Debug|Any CPU.ActiveCfg = Debug|Any CPU
		{651AFADB-95A1-4D7F-BD90-B93F0D81506D}.Debug|Any CPU.Build.0 = Debug|Any CPU
		{651AFADB-95A1-4D7F-BD90-B93F0D81506D}.Release|Any CPU.ActiveCfg = Release|Any CPU
		{651AFADB-95A1-4D7F-BD90-B93F0D81506D}.Release|Any CPU.Build.0 = Release|Any CPU
		{D5FFC6B1-D31A-4784-A7DF-1E1F6ED9C8E7}.Debug|Any CPU.ActiveCfg = Debug|Any CPU
		{D5FFC6B1-D31A-4784-A7DF-1E1F6ED9C8E7}.Debug|Any CPU.Build.0 = Debug|Any CPU
		{D5FFC6B1-D31A-4784-A7DF-1E1F6ED9C8E7}.Release|Any CPU.ActiveCfg = Release|Any CPU
		{D5FFC6B1-D31A-4784-A7DF-1E1F6ED9C8E7}.Release|Any CPU.Build.0 = Release|Any CPU
		{34BC382A-4FED-4D48-8AFB-8FDF2BD7BF30}.Debug|Any CPU.ActiveCfg = Debug|Any CPU
		{34BC382A-4FED-4D48-8AFB-8FDF2BD7BF30}.Debug|Any CPU.Build.0 = Debug|Any CPU
		{34BC382A-4FED-4D48-8AFB-8FDF2BD7BF30}.Release|Any CPU.ActiveCfg = Release|Any CPU
		{34BC382A-4FED-4D48-8AFB-8FDF2BD7BF30}.Release|Any CPU.Build.0 = Release|Any CPU
		{3BC656F6-9BEF-42B9-ABB3-21DD831A6C1F}.Debug|Any CPU.ActiveCfg = Debug|Any CPU
		{3BC656F6-9BEF-42B9-ABB3-21DD831A6C1F}.Debug|Any CPU.Build.0 = Debug|Any CPU
		{3BC656F6-9BEF-42B9-ABB3-21DD831A6C1F}.Release|Any CPU.ActiveCfg = Release|Any CPU
		{3BC656F6-9BEF-42B9-ABB3-21DD831A6C1F}.Release|Any CPU.Build.0 = Release|Any CPU
		{1726AADD-C737-45B9-88E2-76F0B0020882}.Debug|Any CPU.ActiveCfg = Debug|Any CPU
		{1726AADD-C737-45B9-88E2-76F0B0020882}.Debug|Any CPU.Build.0 = Debug|Any CPU
		{1726AADD-C737-45B9-88E2-76F0B0020882}.Release|Any CPU.ActiveCfg = Release|Any CPU
		{1726AADD-C737-45B9-88E2-76F0B0020882}.Release|Any CPU.Build.0 = Release|Any CPU
		{C90D4D8B-6E25-47FF-AD63-F0EB976EE4F9}.Debug|Any CPU.ActiveCfg = Debug|Any CPU
		{C90D4D8B-6E25-47FF-AD63-F0EB976EE4F9}.Debug|Any CPU.Build.0 = Debug|Any CPU
		{C90D4D8B-6E25-47FF-AD63-F0EB976EE4F9}.Release|Any CPU.ActiveCfg = Release|Any CPU
		{C90D4D8B-6E25-47FF-AD63-F0EB976EE4F9}.Release|Any CPU.Build.0 = Release|Any CPU
		{DE203C39-2DBF-4168-B59E-C80AA3EFF833}.Debug|Any CPU.ActiveCfg = Debug|Any CPU
		{DE203C39-2DBF-4168-B59E-C80AA3EFF833}.Debug|Any CPU.Build.0 = Debug|Any CPU
		{DE203C39-2DBF-4168-B59E-C80AA3EFF833}.Release|Any CPU.ActiveCfg = Release|Any CPU
		{DE203C39-2DBF-4168-B59E-C80AA3EFF833}.Release|Any CPU.Build.0 = Release|Any CPU
		{D3509193-B7C5-4436-A89E-8E0FA314DD03}.Debug|Any CPU.ActiveCfg = Debug|Any CPU
		{D3509193-B7C5-4436-A89E-8E0FA314DD03}.Debug|Any CPU.Build.0 = Debug|Any CPU
		{D3509193-B7C5-4436-A89E-8E0FA314DD03}.Release|Any CPU.ActiveCfg = Release|Any CPU
		{D3509193-B7C5-4436-A89E-8E0FA314DD03}.Release|Any CPU.Build.0 = Release|Any CPU
		{C7B75079-DCE4-42CC-9D1F-A668110E3458}.Debug|Any CPU.ActiveCfg = Debug|Any CPU
		{C7B75079-DCE4-42CC-9D1F-A668110E3458}.Debug|Any CPU.Build.0 = Debug|Any CPU
		{C7B75079-DCE4-42CC-9D1F-A668110E3458}.Release|Any CPU.ActiveCfg = Release|Any CPU
		{C7B75079-DCE4-42CC-9D1F-A668110E3458}.Release|Any CPU.Build.0 = Release|Any CPU
		{C2E8ABC0-65BA-43BA-8FC5-C93F9E1698AE}.Debug|Any CPU.ActiveCfg = Debug|Any CPU
		{C2E8ABC0-65BA-43BA-8FC5-C93F9E1698AE}.Debug|Any CPU.Build.0 = Debug|Any CPU
		{C2E8ABC0-65BA-43BA-8FC5-C93F9E1698AE}.Release|Any CPU.ActiveCfg = Release|Any CPU
		{C2E8ABC0-65BA-43BA-8FC5-C93F9E1698AE}.Release|Any CPU.Build.0 = Release|Any CPU
		{8D8FB4FD-7226-4175-8C1C-1BE7A8EEFDEC}.Debug|Any CPU.ActiveCfg = Debug|Any CPU
		{8D8FB4FD-7226-4175-8C1C-1BE7A8EEFDEC}.Debug|Any CPU.Build.0 = Debug|Any CPU
		{8D8FB4FD-7226-4175-8C1C-1BE7A8EEFDEC}.Release|Any CPU.ActiveCfg = Release|Any CPU
		{8D8FB4FD-7226-4175-8C1C-1BE7A8EEFDEC}.Release|Any CPU.Build.0 = Release|Any CPU
		{82D5C984-DDCB-44B1-ADB6-D306A8928E66}.Debug|Any CPU.ActiveCfg = Debug|Any CPU
		{82D5C984-DDCB-44B1-ADB6-D306A8928E66}.Debug|Any CPU.Build.0 = Debug|Any CPU
		{82D5C984-DDCB-44B1-ADB6-D306A8928E66}.Release|Any CPU.ActiveCfg = Release|Any CPU
		{82D5C984-DDCB-44B1-ADB6-D306A8928E66}.Release|Any CPU.Build.0 = Release|Any CPU
		{A7DFE64B-E837-489E-A9B5-1EA0880E2D19}.Debug|Any CPU.ActiveCfg = Debug|Any CPU
		{A7DFE64B-E837-489E-A9B5-1EA0880E2D19}.Debug|Any CPU.Build.0 = Debug|Any CPU
		{A7DFE64B-E837-489E-A9B5-1EA0880E2D19}.Release|Any CPU.ActiveCfg = Release|Any CPU
		{A7DFE64B-E837-489E-A9B5-1EA0880E2D19}.Release|Any CPU.Build.0 = Release|Any CPU
		{E1679EF3-761D-4D93-B226-289FDB0F8906}.Debug|Any CPU.ActiveCfg = Debug|Any CPU
		{E1679EF3-761D-4D93-B226-289FDB0F8906}.Debug|Any CPU.Build.0 = Debug|Any CPU
		{E1679EF3-761D-4D93-B226-289FDB0F8906}.Release|Any CPU.ActiveCfg = Release|Any CPU
		{E1679EF3-761D-4D93-B226-289FDB0F8906}.Release|Any CPU.Build.0 = Release|Any CPU
		{13BC17F8-B8CD-4636-AFFB-F81D2F3FBB63}.Debug|Any CPU.ActiveCfg = Debug|Any CPU
		{13BC17F8-B8CD-4636-AFFB-F81D2F3FBB63}.Debug|Any CPU.Build.0 = Debug|Any CPU
		{13BC17F8-B8CD-4636-AFFB-F81D2F3FBB63}.Release|Any CPU.ActiveCfg = Release|Any CPU
		{13BC17F8-B8CD-4636-AFFB-F81D2F3FBB63}.Release|Any CPU.Build.0 = Release|Any CPU
		{04835CE2-A2CC-4A57-8130-B73985FF95BB}.Debug|Any CPU.ActiveCfg = Debug|Any CPU
		{04835CE2-A2CC-4A57-8130-B73985FF95BB}.Debug|Any CPU.Build.0 = Debug|Any CPU
		{04835CE2-A2CC-4A57-8130-B73985FF95BB}.Release|Any CPU.ActiveCfg = Release|Any CPU
		{04835CE2-A2CC-4A57-8130-B73985FF95BB}.Release|Any CPU.Build.0 = Release|Any CPU
		{E9721CB1-F8EE-4C9D-9CF7-DC74DD7FD78C}.Debug|Any CPU.ActiveCfg = Debug|Any CPU
		{E9721CB1-F8EE-4C9D-9CF7-DC74DD7FD78C}.Debug|Any CPU.Build.0 = Debug|Any CPU
		{E9721CB1-F8EE-4C9D-9CF7-DC74DD7FD78C}.Release|Any CPU.ActiveCfg = Release|Any CPU
		{E9721CB1-F8EE-4C9D-9CF7-DC74DD7FD78C}.Release|Any CPU.Build.0 = Release|Any CPU
		{7EF3C46D-B40B-4BB3-B866-DAE3DADC0B60}.Debug|Any CPU.ActiveCfg = Debug|Any CPU
		{7EF3C46D-B40B-4BB3-B866-DAE3DADC0B60}.Debug|Any CPU.Build.0 = Debug|Any CPU
		{7EF3C46D-B40B-4BB3-B866-DAE3DADC0B60}.Release|Any CPU.ActiveCfg = Release|Any CPU
		{7EF3C46D-B40B-4BB3-B866-DAE3DADC0B60}.Release|Any CPU.Build.0 = Release|Any CPU
		{F0B73346-2F3F-4101-9723-2D4F1044BBCF}.Debug|Any CPU.ActiveCfg = Debug|Any CPU
		{F0B73346-2F3F-4101-9723-2D4F1044BBCF}.Debug|Any CPU.Build.0 = Debug|Any CPU
		{F0B73346-2F3F-4101-9723-2D4F1044BBCF}.Release|Any CPU.ActiveCfg = Release|Any CPU
		{F0B73346-2F3F-4101-9723-2D4F1044BBCF}.Release|Any CPU.Build.0 = Release|Any CPU
		{E03DDD89-2FA6-4203-9BC1-3B6328310A60}.Debug|Any CPU.ActiveCfg = Debug|Any CPU
		{E03DDD89-2FA6-4203-9BC1-3B6328310A60}.Debug|Any CPU.Build.0 = Debug|Any CPU
		{E03DDD89-2FA6-4203-9BC1-3B6328310A60}.Release|Any CPU.ActiveCfg = Release|Any CPU
		{E03DDD89-2FA6-4203-9BC1-3B6328310A60}.Release|Any CPU.Build.0 = Release|Any CPU
		{A343BC37-5805-44FD-8807-BCF527FAE13D}.Debug|Any CPU.ActiveCfg = Debug|Any CPU
		{A343BC37-5805-44FD-8807-BCF527FAE13D}.Debug|Any CPU.Build.0 = Debug|Any CPU
		{A343BC37-5805-44FD-8807-BCF527FAE13D}.Release|Any CPU.ActiveCfg = Release|Any CPU
		{A343BC37-5805-44FD-8807-BCF527FAE13D}.Release|Any CPU.Build.0 = Release|Any CPU
		{F00C4502-0785-4057-BCE3-B0A6BCBE57BB}.Debug|Any CPU.ActiveCfg = Debug|Any CPU
		{F00C4502-0785-4057-BCE3-B0A6BCBE57BB}.Debug|Any CPU.Build.0 = Debug|Any CPU
		{F00C4502-0785-4057-BCE3-B0A6BCBE57BB}.Release|Any CPU.ActiveCfg = Release|Any CPU
		{F00C4502-0785-4057-BCE3-B0A6BCBE57BB}.Release|Any CPU.Build.0 = Release|Any CPU
		{C1B38E6F-7B61-41C2-B65E-F435E652C7DE}.Debug|Any CPU.ActiveCfg = Debug|Any CPU
		{C1B38E6F-7B61-41C2-B65E-F435E652C7DE}.Debug|Any CPU.Build.0 = Debug|Any CPU
		{C1B38E6F-7B61-41C2-B65E-F435E652C7DE}.Release|Any CPU.ActiveCfg = Release|Any CPU
		{C1B38E6F-7B61-41C2-B65E-F435E652C7DE}.Release|Any CPU.Build.0 = Release|Any CPU
		{B621D6A4-312F-4DED-88D0-83963001E003}.Debug|Any CPU.ActiveCfg = Debug|Any CPU
		{B621D6A4-312F-4DED-88D0-83963001E003}.Debug|Any CPU.Build.0 = Debug|Any CPU
		{B621D6A4-312F-4DED-88D0-83963001E003}.Release|Any CPU.ActiveCfg = Release|Any CPU
		{B621D6A4-312F-4DED-88D0-83963001E003}.Release|Any CPU.Build.0 = Release|Any CPU
		{FE850969-1877-47C6-90DC-620D25381DFF}.Debug|Any CPU.ActiveCfg = Debug|Any CPU
		{FE850969-1877-47C6-90DC-620D25381DFF}.Debug|Any CPU.Build.0 = Debug|Any CPU
		{FE850969-1877-47C6-90DC-620D25381DFF}.Release|Any CPU.ActiveCfg = Release|Any CPU
		{FE850969-1877-47C6-90DC-620D25381DFF}.Release|Any CPU.Build.0 = Release|Any CPU
		{BA743E84-F581-4C21-AE4D-22C8499E7F28}.Debug|Any CPU.ActiveCfg = Debug|Any CPU
		{BA743E84-F581-4C21-AE4D-22C8499E7F28}.Debug|Any CPU.Build.0 = Debug|Any CPU
		{BA743E84-F581-4C21-AE4D-22C8499E7F28}.Release|Any CPU.ActiveCfg = Release|Any CPU
		{BA743E84-F581-4C21-AE4D-22C8499E7F28}.Release|Any CPU.Build.0 = Release|Any CPU
		{1CD6A141-9395-40DF-851B-B446532C7DA8}.Debug|Any CPU.ActiveCfg = Debug|Any CPU
		{1CD6A141-9395-40DF-851B-B446532C7DA8}.Debug|Any CPU.Build.0 = Debug|Any CPU
		{1CD6A141-9395-40DF-851B-B446532C7DA8}.Release|Any CPU.ActiveCfg = Release|Any CPU
		{1CD6A141-9395-40DF-851B-B446532C7DA8}.Release|Any CPU.Build.0 = Release|Any CPU
		{9E33DB9A-CFB3-4420-9DE1-8A7F6945B82C}.Debug|Any CPU.ActiveCfg = Debug|Any CPU
		{9E33DB9A-CFB3-4420-9DE1-8A7F6945B82C}.Debug|Any CPU.Build.0 = Debug|Any CPU
		{9E33DB9A-CFB3-4420-9DE1-8A7F6945B82C}.Release|Any CPU.ActiveCfg = Release|Any CPU
		{9E33DB9A-CFB3-4420-9DE1-8A7F6945B82C}.Release|Any CPU.Build.0 = Release|Any CPU
		{0248C196-9077-4F28-AD73-5BF9CEBED6CB}.Debug|Any CPU.ActiveCfg = Debug|Any CPU
		{0248C196-9077-4F28-AD73-5BF9CEBED6CB}.Debug|Any CPU.Build.0 = Debug|Any CPU
		{0248C196-9077-4F28-AD73-5BF9CEBED6CB}.Release|Any CPU.ActiveCfg = Release|Any CPU
		{0248C196-9077-4F28-AD73-5BF9CEBED6CB}.Release|Any CPU.Build.0 = Release|Any CPU
		{B379EED0-3253-4E63-AEBE-F1BEF92F59F3}.Debug|Any CPU.ActiveCfg = Debug|Any CPU
		{B379EED0-3253-4E63-AEBE-F1BEF92F59F3}.Debug|Any CPU.Build.0 = Debug|Any CPU
		{B379EED0-3253-4E63-AEBE-F1BEF92F59F3}.Release|Any CPU.ActiveCfg = Release|Any CPU
		{B379EED0-3253-4E63-AEBE-F1BEF92F59F3}.Release|Any CPU.Build.0 = Release|Any CPU
		{B89EF485-1808-4C42-A9D4-18445D0B06C5}.Debug|Any CPU.ActiveCfg = Debug|Any CPU
		{B89EF485-1808-4C42-A9D4-18445D0B06C5}.Debug|Any CPU.Build.0 = Debug|Any CPU
		{B89EF485-1808-4C42-A9D4-18445D0B06C5}.Release|Any CPU.ActiveCfg = Release|Any CPU
		{B89EF485-1808-4C42-A9D4-18445D0B06C5}.Release|Any CPU.Build.0 = Release|Any CPU
		{9CA77545-E3D2-467D-ACBC-12D9A726B988}.Debug|Any CPU.ActiveCfg = Debug|Any CPU
		{9CA77545-E3D2-467D-ACBC-12D9A726B988}.Debug|Any CPU.Build.0 = Debug|Any CPU
		{9CA77545-E3D2-467D-ACBC-12D9A726B988}.Release|Any CPU.ActiveCfg = Release|Any CPU
		{9CA77545-E3D2-467D-ACBC-12D9A726B988}.Release|Any CPU.Build.0 = Release|Any CPU
		{707D4844-6317-48AC-9587-9B283BB50BDF}.Debug|Any CPU.ActiveCfg = Debug|Any CPU
		{707D4844-6317-48AC-9587-9B283BB50BDF}.Debug|Any CPU.Build.0 = Debug|Any CPU
		{707D4844-6317-48AC-9587-9B283BB50BDF}.Release|Any CPU.ActiveCfg = Release|Any CPU
		{707D4844-6317-48AC-9587-9B283BB50BDF}.Release|Any CPU.Build.0 = Release|Any CPU
		{D8D51697-282F-43E0-A2E6-F086FB66DB9B}.Debug|Any CPU.ActiveCfg = Debug|Any CPU
		{D8D51697-282F-43E0-A2E6-F086FB66DB9B}.Debug|Any CPU.Build.0 = Debug|Any CPU
		{D8D51697-282F-43E0-A2E6-F086FB66DB9B}.Release|Any CPU.ActiveCfg = Release|Any CPU
		{D8D51697-282F-43E0-A2E6-F086FB66DB9B}.Release|Any CPU.Build.0 = Release|Any CPU
		{1D1B1C8E-097D-47B1-B139-2E3A4BABD316}.Debug|Any CPU.ActiveCfg = Debug|Any CPU
		{1D1B1C8E-097D-47B1-B139-2E3A4BABD316}.Debug|Any CPU.Build.0 = Debug|Any CPU
		{1D1B1C8E-097D-47B1-B139-2E3A4BABD316}.Release|Any CPU.ActiveCfg = Release|Any CPU
		{1D1B1C8E-097D-47B1-B139-2E3A4BABD316}.Release|Any CPU.Build.0 = Release|Any CPU
		{8370DE60-EE10-4846-BC78-9E7AF98F74BF}.Debug|Any CPU.ActiveCfg = Debug|Any CPU
		{8370DE60-EE10-4846-BC78-9E7AF98F74BF}.Debug|Any CPU.Build.0 = Debug|Any CPU
		{8370DE60-EE10-4846-BC78-9E7AF98F74BF}.Release|Any CPU.ActiveCfg = Release|Any CPU
		{8370DE60-EE10-4846-BC78-9E7AF98F74BF}.Release|Any CPU.Build.0 = Release|Any CPU
		{C4C0C187-FE72-4204-985F-72554F7E71C1}.Debug|Any CPU.ActiveCfg = Debug|Any CPU
		{C4C0C187-FE72-4204-985F-72554F7E71C1}.Debug|Any CPU.Build.0 = Debug|Any CPU
		{C4C0C187-FE72-4204-985F-72554F7E71C1}.Release|Any CPU.ActiveCfg = Release|Any CPU
		{C4C0C187-FE72-4204-985F-72554F7E71C1}.Release|Any CPU.Build.0 = Release|Any CPU
		{3D591FAA-297D-4080-80F9-70409B48DC67}.Debug|Any CPU.ActiveCfg = Debug|Any CPU
		{3D591FAA-297D-4080-80F9-70409B48DC67}.Debug|Any CPU.Build.0 = Debug|Any CPU
		{3D591FAA-297D-4080-80F9-70409B48DC67}.Release|Any CPU.ActiveCfg = Release|Any CPU
		{3D591FAA-297D-4080-80F9-70409B48DC67}.Release|Any CPU.Build.0 = Release|Any CPU
		{6527178C-5214-42B5-82A2-2228620008E4}.Debug|Any CPU.ActiveCfg = Debug|Any CPU
		{6527178C-5214-42B5-82A2-2228620008E4}.Debug|Any CPU.Build.0 = Debug|Any CPU
		{6527178C-5214-42B5-82A2-2228620008E4}.Release|Any CPU.ActiveCfg = Release|Any CPU
		{6527178C-5214-42B5-82A2-2228620008E4}.Release|Any CPU.Build.0 = Release|Any CPU
		{C1979DB5-E002-494C-A059-EF407E1CF238}.Debug|Any CPU.ActiveCfg = Debug|Any CPU
		{C1979DB5-E002-494C-A059-EF407E1CF238}.Debug|Any CPU.Build.0 = Debug|Any CPU
		{C1979DB5-E002-494C-A059-EF407E1CF238}.Release|Any CPU.ActiveCfg = Release|Any CPU
		{C1979DB5-E002-494C-A059-EF407E1CF238}.Release|Any CPU.Build.0 = Release|Any CPU
		{DA648114-A916-48B4-8930-C6F3348973D5}.Debug|Any CPU.ActiveCfg = Debug|Any CPU
		{DA648114-A916-48B4-8930-C6F3348973D5}.Debug|Any CPU.Build.0 = Debug|Any CPU
		{DA648114-A916-48B4-8930-C6F3348973D5}.Release|Any CPU.ActiveCfg = Release|Any CPU
		{DA648114-A916-48B4-8930-C6F3348973D5}.Release|Any CPU.Build.0 = Release|Any CPU
		{C440F99A-AF45-49CE-A6D7-75281C11B9BA}.Debug|Any CPU.ActiveCfg = Debug|Any CPU
		{C440F99A-AF45-49CE-A6D7-75281C11B9BA}.Debug|Any CPU.Build.0 = Debug|Any CPU
		{C440F99A-AF45-49CE-A6D7-75281C11B9BA}.Release|Any CPU.ActiveCfg = Release|Any CPU
		{C440F99A-AF45-49CE-A6D7-75281C11B9BA}.Release|Any CPU.Build.0 = Release|Any CPU
		{8FECC7E2-186D-4084-A9A3-E5A83008B13B}.Debug|Any CPU.ActiveCfg = Debug|Any CPU
		{8FECC7E2-186D-4084-A9A3-E5A83008B13B}.Debug|Any CPU.Build.0 = Debug|Any CPU
		{8FECC7E2-186D-4084-A9A3-E5A83008B13B}.Release|Any CPU.ActiveCfg = Release|Any CPU
		{8FECC7E2-186D-4084-A9A3-E5A83008B13B}.Release|Any CPU.Build.0 = Release|Any CPU
		{7EEBBA18-C1BC-406E-BDA0-07E073FB1537}.Debug|Any CPU.ActiveCfg = Debug|Any CPU
		{7EEBBA18-C1BC-406E-BDA0-07E073FB1537}.Debug|Any CPU.Build.0 = Debug|Any CPU
		{7EEBBA18-C1BC-406E-BDA0-07E073FB1537}.Release|Any CPU.ActiveCfg = Release|Any CPU
		{7EEBBA18-C1BC-406E-BDA0-07E073FB1537}.Release|Any CPU.Build.0 = Release|Any CPU
		{3E21C1C7-9641-4CE9-9C83-0230B2D50D29}.Debug|Any CPU.ActiveCfg = Debug|Any CPU
		{3E21C1C7-9641-4CE9-9C83-0230B2D50D29}.Debug|Any CPU.Build.0 = Debug|Any CPU
		{3E21C1C7-9641-4CE9-9C83-0230B2D50D29}.Release|Any CPU.ActiveCfg = Release|Any CPU
		{3E21C1C7-9641-4CE9-9C83-0230B2D50D29}.Release|Any CPU.Build.0 = Release|Any CPU
		{FA962BAD-7D28-45C3-8FE8-AD10C8017E98}.Debug|Any CPU.ActiveCfg = Debug|Any CPU
		{FA962BAD-7D28-45C3-8FE8-AD10C8017E98}.Debug|Any CPU.Build.0 = Debug|Any CPU
		{FA962BAD-7D28-45C3-8FE8-AD10C8017E98}.Release|Any CPU.ActiveCfg = Release|Any CPU
		{FA962BAD-7D28-45C3-8FE8-AD10C8017E98}.Release|Any CPU.Build.0 = Release|Any CPU
		{0FA4E125-94CA-487A-A707-A2348878AEB5}.Debug|Any CPU.ActiveCfg = Debug|Any CPU
		{0FA4E125-94CA-487A-A707-A2348878AEB5}.Debug|Any CPU.Build.0 = Debug|Any CPU
		{0FA4E125-94CA-487A-A707-A2348878AEB5}.Release|Any CPU.ActiveCfg = Release|Any CPU
		{0FA4E125-94CA-487A-A707-A2348878AEB5}.Release|Any CPU.Build.0 = Release|Any CPU
		{7FC880BD-DFF5-4E14-BE41-0808F36F5450}.Debug|Any CPU.ActiveCfg = Debug|Any CPU
		{7FC880BD-DFF5-4E14-BE41-0808F36F5450}.Debug|Any CPU.Build.0 = Debug|Any CPU
		{7FC880BD-DFF5-4E14-BE41-0808F36F5450}.Release|Any CPU.ActiveCfg = Release|Any CPU
		{7FC880BD-DFF5-4E14-BE41-0808F36F5450}.Release|Any CPU.Build.0 = Release|Any CPU
		{322167D3-DBB5-4663-A893-18CC8747BF4E}.Debug|Any CPU.ActiveCfg = Debug|Any CPU
		{322167D3-DBB5-4663-A893-18CC8747BF4E}.Debug|Any CPU.Build.0 = Debug|Any CPU
		{322167D3-DBB5-4663-A893-18CC8747BF4E}.Release|Any CPU.ActiveCfg = Release|Any CPU
		{322167D3-DBB5-4663-A893-18CC8747BF4E}.Release|Any CPU.Build.0 = Release|Any CPU
		{A097904A-B5C4-4B4F-B0CE-92C76FE9C55C}.Debug|Any CPU.ActiveCfg = Debug|Any CPU
		{A097904A-B5C4-4B4F-B0CE-92C76FE9C55C}.Debug|Any CPU.Build.0 = Debug|Any CPU
		{A097904A-B5C4-4B4F-B0CE-92C76FE9C55C}.Release|Any CPU.ActiveCfg = Release|Any CPU
		{A097904A-B5C4-4B4F-B0CE-92C76FE9C55C}.Release|Any CPU.Build.0 = Release|Any CPU
		{8C7162C3-6B5B-4609-8731-074AE354DF66}.Debug|Any CPU.ActiveCfg = Debug|Any CPU
		{8C7162C3-6B5B-4609-8731-074AE354DF66}.Debug|Any CPU.Build.0 = Debug|Any CPU
		{8C7162C3-6B5B-4609-8731-074AE354DF66}.Release|Any CPU.ActiveCfg = Release|Any CPU
		{8C7162C3-6B5B-4609-8731-074AE354DF66}.Release|Any CPU.Build.0 = Release|Any CPU
		{3214372B-34D4-4064-9122-6086ABBCF155}.Debug|Any CPU.ActiveCfg = Debug|Any CPU
		{3214372B-34D4-4064-9122-6086ABBCF155}.Debug|Any CPU.Build.0 = Debug|Any CPU
		{3214372B-34D4-4064-9122-6086ABBCF155}.Release|Any CPU.ActiveCfg = Release|Any CPU
		{3214372B-34D4-4064-9122-6086ABBCF155}.Release|Any CPU.Build.0 = Release|Any CPU
		{1DF7B5A5-D91A-4587-B858-38CB9FAFD8A4}.Debug|Any CPU.ActiveCfg = Debug|Any CPU
		{1DF7B5A5-D91A-4587-B858-38CB9FAFD8A4}.Debug|Any CPU.Build.0 = Debug|Any CPU
		{1DF7B5A5-D91A-4587-B858-38CB9FAFD8A4}.Release|Any CPU.ActiveCfg = Release|Any CPU
		{1DF7B5A5-D91A-4587-B858-38CB9FAFD8A4}.Release|Any CPU.Build.0 = Release|Any CPU
		{3C96E971-C9C6-4921-8B29-8D2D125E072C}.Debug|Any CPU.ActiveCfg = Debug|Any CPU
		{3C96E971-C9C6-4921-8B29-8D2D125E072C}.Debug|Any CPU.Build.0 = Debug|Any CPU
		{3C96E971-C9C6-4921-8B29-8D2D125E072C}.Release|Any CPU.ActiveCfg = Release|Any CPU
		{3C96E971-C9C6-4921-8B29-8D2D125E072C}.Release|Any CPU.Build.0 = Release|Any CPU
		{40D7618D-858F-4479-BCAA-A806584E5BE3}.Debug|Any CPU.ActiveCfg = Debug|Any CPU
		{40D7618D-858F-4479-BCAA-A806584E5BE3}.Debug|Any CPU.Build.0 = Debug|Any CPU
		{40D7618D-858F-4479-BCAA-A806584E5BE3}.Release|Any CPU.ActiveCfg = Release|Any CPU
		{40D7618D-858F-4479-BCAA-A806584E5BE3}.Release|Any CPU.Build.0 = Release|Any CPU
		{6AE5C43B-89F7-4A42-B283-06C64AD1A436}.Debug|Any CPU.ActiveCfg = Debug|Any CPU
		{6AE5C43B-89F7-4A42-B283-06C64AD1A436}.Debug|Any CPU.Build.0 = Debug|Any CPU
		{6AE5C43B-89F7-4A42-B283-06C64AD1A436}.Release|Any CPU.ActiveCfg = Release|Any CPU
		{6AE5C43B-89F7-4A42-B283-06C64AD1A436}.Release|Any CPU.Build.0 = Release|Any CPU
		{AC09E6B1-24E2-452E-97A0-FDC4A41EDC4A}.Debug|Any CPU.ActiveCfg = Debug|Any CPU
		{AC09E6B1-24E2-452E-97A0-FDC4A41EDC4A}.Debug|Any CPU.Build.0 = Debug|Any CPU
		{AC09E6B1-24E2-452E-97A0-FDC4A41EDC4A}.Release|Any CPU.ActiveCfg = Release|Any CPU
		{AC09E6B1-24E2-452E-97A0-FDC4A41EDC4A}.Release|Any CPU.Build.0 = Release|Any CPU
		{8C9600D5-1B91-409A-9F91-791DD7382256}.Debug|Any CPU.ActiveCfg = Debug|Any CPU
		{8C9600D5-1B91-409A-9F91-791DD7382256}.Debug|Any CPU.Build.0 = Debug|Any CPU
		{8C9600D5-1B91-409A-9F91-791DD7382256}.Release|Any CPU.ActiveCfg = Release|Any CPU
		{8C9600D5-1B91-409A-9F91-791DD7382256}.Release|Any CPU.Build.0 = Release|Any CPU
		{E35779BD-5BFB-4265-9C87-D6CDD0A7FB05}.Debug|Any CPU.ActiveCfg = Debug|Any CPU
		{E35779BD-5BFB-4265-9C87-D6CDD0A7FB05}.Debug|Any CPU.Build.0 = Debug|Any CPU
		{E35779BD-5BFB-4265-9C87-D6CDD0A7FB05}.Release|Any CPU.ActiveCfg = Release|Any CPU
		{E35779BD-5BFB-4265-9C87-D6CDD0A7FB05}.Release|Any CPU.Build.0 = Release|Any CPU
		{A84DA224-B30D-40A3-9629-6B52DB5C1E76}.Debug|Any CPU.ActiveCfg = Debug|Any CPU
		{A84DA224-B30D-40A3-9629-6B52DB5C1E76}.Debug|Any CPU.Build.0 = Debug|Any CPU
		{A84DA224-B30D-40A3-9629-6B52DB5C1E76}.Release|Any CPU.ActiveCfg = Release|Any CPU
		{A84DA224-B30D-40A3-9629-6B52DB5C1E76}.Release|Any CPU.Build.0 = Release|Any CPU
		{A09F9701-4B7E-4BD8-AA6D-292F9D61E046}.Debug|Any CPU.ActiveCfg = Debug|Any CPU
		{A09F9701-4B7E-4BD8-AA6D-292F9D61E046}.Debug|Any CPU.Build.0 = Debug|Any CPU
		{A09F9701-4B7E-4BD8-AA6D-292F9D61E046}.Release|Any CPU.ActiveCfg = Release|Any CPU
		{A09F9701-4B7E-4BD8-AA6D-292F9D61E046}.Release|Any CPU.Build.0 = Release|Any CPU
		{BE4556EC-CCEF-4616-84D9-CC9CD539F45F}.Debug|Any CPU.ActiveCfg = Debug|Any CPU
		{BE4556EC-CCEF-4616-84D9-CC9CD539F45F}.Debug|Any CPU.Build.0 = Debug|Any CPU
		{BE4556EC-CCEF-4616-84D9-CC9CD539F45F}.Release|Any CPU.ActiveCfg = Release|Any CPU
		{BE4556EC-CCEF-4616-84D9-CC9CD539F45F}.Release|Any CPU.Build.0 = Release|Any CPU
		{E5303FC4-2896-4131-8F74-29DDEAD9598E}.Debug|Any CPU.ActiveCfg = Debug|Any CPU
		{E5303FC4-2896-4131-8F74-29DDEAD9598E}.Debug|Any CPU.Build.0 = Debug|Any CPU
		{E5303FC4-2896-4131-8F74-29DDEAD9598E}.Release|Any CPU.ActiveCfg = Release|Any CPU
		{E5303FC4-2896-4131-8F74-29DDEAD9598E}.Release|Any CPU.Build.0 = Release|Any CPU
		{881B7346-7A7E-4E41-BAEA-915CBE98A177}.Debug|Any CPU.ActiveCfg = Debug|Any CPU
		{881B7346-7A7E-4E41-BAEA-915CBE98A177}.Debug|Any CPU.Build.0 = Debug|Any CPU
		{881B7346-7A7E-4E41-BAEA-915CBE98A177}.Release|Any CPU.ActiveCfg = Release|Any CPU
		{881B7346-7A7E-4E41-BAEA-915CBE98A177}.Release|Any CPU.Build.0 = Release|Any CPU
		{3833BC3E-2DD5-452E-B2A0-60C847B665F8}.Debug|Any CPU.ActiveCfg = Debug|Any CPU
		{3833BC3E-2DD5-452E-B2A0-60C847B665F8}.Debug|Any CPU.Build.0 = Debug|Any CPU
		{3833BC3E-2DD5-452E-B2A0-60C847B665F8}.Release|Any CPU.ActiveCfg = Release|Any CPU
		{3833BC3E-2DD5-452E-B2A0-60C847B665F8}.Release|Any CPU.Build.0 = Release|Any CPU
		{2E077375-4B93-4836-B521-9AA45A8FA1FB}.Debug|Any CPU.ActiveCfg = Debug|Any CPU
		{2E077375-4B93-4836-B521-9AA45A8FA1FB}.Debug|Any CPU.Build.0 = Debug|Any CPU
		{2E077375-4B93-4836-B521-9AA45A8FA1FB}.Release|Any CPU.ActiveCfg = Release|Any CPU
		{2E077375-4B93-4836-B521-9AA45A8FA1FB}.Release|Any CPU.Build.0 = Release|Any CPU
		{F0777620-CB8E-4F9F-9214-4968752FE715}.Debug|Any CPU.ActiveCfg = Debug|Any CPU
		{F0777620-CB8E-4F9F-9214-4968752FE715}.Debug|Any CPU.Build.0 = Debug|Any CPU
		{F0777620-CB8E-4F9F-9214-4968752FE715}.Release|Any CPU.ActiveCfg = Release|Any CPU
		{F0777620-CB8E-4F9F-9214-4968752FE715}.Release|Any CPU.Build.0 = Release|Any CPU
		{CE98DE71-B1A9-48C2-91B0-1E9CFC3C432C}.Debug|Any CPU.ActiveCfg = Debug|Any CPU
		{CE98DE71-B1A9-48C2-91B0-1E9CFC3C432C}.Debug|Any CPU.Build.0 = Debug|Any CPU
		{CE98DE71-B1A9-48C2-91B0-1E9CFC3C432C}.Release|Any CPU.ActiveCfg = Release|Any CPU
		{CE98DE71-B1A9-48C2-91B0-1E9CFC3C432C}.Release|Any CPU.Build.0 = Release|Any CPU
		{41F7DD8D-9DEB-4D4C-AAD3-F1C672DF0A26}.Debug|Any CPU.ActiveCfg = Debug|Any CPU
		{41F7DD8D-9DEB-4D4C-AAD3-F1C672DF0A26}.Debug|Any CPU.Build.0 = Debug|Any CPU
		{41F7DD8D-9DEB-4D4C-AAD3-F1C672DF0A26}.Release|Any CPU.ActiveCfg = Release|Any CPU
		{41F7DD8D-9DEB-4D4C-AAD3-F1C672DF0A26}.Release|Any CPU.Build.0 = Release|Any CPU
		{F9198212-5A0F-43B2-A5E7-947E6ED392C4}.Debug|Any CPU.ActiveCfg = Debug|Any CPU
		{F9198212-5A0F-43B2-A5E7-947E6ED392C4}.Debug|Any CPU.Build.0 = Debug|Any CPU
		{F9198212-5A0F-43B2-A5E7-947E6ED392C4}.Release|Any CPU.ActiveCfg = Release|Any CPU
		{F9198212-5A0F-43B2-A5E7-947E6ED392C4}.Release|Any CPU.Build.0 = Release|Any CPU
		{92E7BF4C-70B4-4543-A6AB-D6F5B6F1C26F}.Debug|Any CPU.ActiveCfg = Debug|Any CPU
		{92E7BF4C-70B4-4543-A6AB-D6F5B6F1C26F}.Debug|Any CPU.Build.0 = Debug|Any CPU
		{92E7BF4C-70B4-4543-A6AB-D6F5B6F1C26F}.Release|Any CPU.ActiveCfg = Release|Any CPU
		{92E7BF4C-70B4-4543-A6AB-D6F5B6F1C26F}.Release|Any CPU.Build.0 = Release|Any CPU
		{56FED4EA-8CE5-4692-A885-F090B8D708AE}.Debug|Any CPU.ActiveCfg = Debug|Any CPU
		{56FED4EA-8CE5-4692-A885-F090B8D708AE}.Debug|Any CPU.Build.0 = Debug|Any CPU
		{56FED4EA-8CE5-4692-A885-F090B8D708AE}.Release|Any CPU.ActiveCfg = Release|Any CPU
		{56FED4EA-8CE5-4692-A885-F090B8D708AE}.Release|Any CPU.Build.0 = Release|Any CPU
		{687D7116-4105-4429-9618-732ADF065890}.Debug|Any CPU.ActiveCfg = Debug|Any CPU
		{687D7116-4105-4429-9618-732ADF065890}.Debug|Any CPU.Build.0 = Debug|Any CPU
		{687D7116-4105-4429-9618-732ADF065890}.Release|Any CPU.ActiveCfg = Release|Any CPU
		{687D7116-4105-4429-9618-732ADF065890}.Release|Any CPU.Build.0 = Release|Any CPU
		{904F9B69-E519-42C7-9ABB-A7D7BCD5D239}.Debug|Any CPU.ActiveCfg = Debug|Any CPU
		{904F9B69-E519-42C7-9ABB-A7D7BCD5D239}.Debug|Any CPU.Build.0 = Debug|Any CPU
		{904F9B69-E519-42C7-9ABB-A7D7BCD5D239}.Release|Any CPU.ActiveCfg = Release|Any CPU
		{904F9B69-E519-42C7-9ABB-A7D7BCD5D239}.Release|Any CPU.Build.0 = Release|Any CPU
		{48DAE35E-D4E6-4A12-B9FE-2002DD36F8FB}.Debug|Any CPU.ActiveCfg = Debug|Any CPU
		{48DAE35E-D4E6-4A12-B9FE-2002DD36F8FB}.Debug|Any CPU.Build.0 = Debug|Any CPU
		{48DAE35E-D4E6-4A12-B9FE-2002DD36F8FB}.Release|Any CPU.ActiveCfg = Release|Any CPU
		{48DAE35E-D4E6-4A12-B9FE-2002DD36F8FB}.Release|Any CPU.Build.0 = Release|Any CPU
		{692E2017-953C-4309-8127-050B4962A41E}.Debug|Any CPU.ActiveCfg = Debug|Any CPU
		{692E2017-953C-4309-8127-050B4962A41E}.Debug|Any CPU.Build.0 = Debug|Any CPU
		{692E2017-953C-4309-8127-050B4962A41E}.Release|Any CPU.ActiveCfg = Release|Any CPU
		{692E2017-953C-4309-8127-050B4962A41E}.Release|Any CPU.Build.0 = Release|Any CPU
		{A516F962-DF04-4636-B0E7-3BFAF3C2EED9}.Debug|Any CPU.ActiveCfg = Debug|Any CPU
		{A516F962-DF04-4636-B0E7-3BFAF3C2EED9}.Debug|Any CPU.Build.0 = Debug|Any CPU
		{A516F962-DF04-4636-B0E7-3BFAF3C2EED9}.Release|Any CPU.ActiveCfg = Release|Any CPU
		{A516F962-DF04-4636-B0E7-3BFAF3C2EED9}.Release|Any CPU.Build.0 = Release|Any CPU
		{ED286DA2-3B9D-4745-B004-D282ABFA7A0A}.Debug|Any CPU.ActiveCfg = Debug|Any CPU
		{ED286DA2-3B9D-4745-B004-D282ABFA7A0A}.Debug|Any CPU.Build.0 = Debug|Any CPU
		{ED286DA2-3B9D-4745-B004-D282ABFA7A0A}.Release|Any CPU.ActiveCfg = Release|Any CPU
		{ED286DA2-3B9D-4745-B004-D282ABFA7A0A}.Release|Any CPU.Build.0 = Release|Any CPU
		{A14FE664-E5A5-4195-BD8B-3994E137E9DA}.Debug|Any CPU.ActiveCfg = Debug|Any CPU
		{A14FE664-E5A5-4195-BD8B-3994E137E9DA}.Debug|Any CPU.Build.0 = Debug|Any CPU
		{A14FE664-E5A5-4195-BD8B-3994E137E9DA}.Release|Any CPU.ActiveCfg = Release|Any CPU
		{A14FE664-E5A5-4195-BD8B-3994E137E9DA}.Release|Any CPU.Build.0 = Release|Any CPU
		{CD955588-D135-46B9-BBA9-58E65E4CAED7}.Debug|Any CPU.ActiveCfg = Debug|Any CPU
		{CD955588-D135-46B9-BBA9-58E65E4CAED7}.Debug|Any CPU.Build.0 = Debug|Any CPU
		{CD955588-D135-46B9-BBA9-58E65E4CAED7}.Release|Any CPU.ActiveCfg = Release|Any CPU
		{CD955588-D135-46B9-BBA9-58E65E4CAED7}.Release|Any CPU.Build.0 = Release|Any CPU
		{E20CD1FE-24E0-4419-A59B-BE68D4672D5D}.Debug|Any CPU.ActiveCfg = Debug|Any CPU
		{E20CD1FE-24E0-4419-A59B-BE68D4672D5D}.Debug|Any CPU.Build.0 = Debug|Any CPU
		{E20CD1FE-24E0-4419-A59B-BE68D4672D5D}.Release|Any CPU.ActiveCfg = Release|Any CPU
		{E20CD1FE-24E0-4419-A59B-BE68D4672D5D}.Release|Any CPU.Build.0 = Release|Any CPU
		{F14A9315-8862-4C53-80F3-4971B04A2734}.Debug|Any CPU.ActiveCfg = Debug|Any CPU
		{F14A9315-8862-4C53-80F3-4971B04A2734}.Debug|Any CPU.Build.0 = Debug|Any CPU
		{F14A9315-8862-4C53-80F3-4971B04A2734}.Release|Any CPU.ActiveCfg = Release|Any CPU
		{F14A9315-8862-4C53-80F3-4971B04A2734}.Release|Any CPU.Build.0 = Release|Any CPU
		{4A9161A3-D87D-4F1A-9A8F-AEF975EB2CBA}.Debug|Any CPU.ActiveCfg = Debug|Any CPU
		{4A9161A3-D87D-4F1A-9A8F-AEF975EB2CBA}.Debug|Any CPU.Build.0 = Debug|Any CPU
		{4A9161A3-D87D-4F1A-9A8F-AEF975EB2CBA}.Release|Any CPU.ActiveCfg = Release|Any CPU
		{4A9161A3-D87D-4F1A-9A8F-AEF975EB2CBA}.Release|Any CPU.Build.0 = Release|Any CPU
		{1F8F6C66-6C45-4491-8F6D-F02683F80D75}.Debug|Any CPU.ActiveCfg = Debug|Any CPU
		{1F8F6C66-6C45-4491-8F6D-F02683F80D75}.Debug|Any CPU.Build.0 = Debug|Any CPU
		{1F8F6C66-6C45-4491-8F6D-F02683F80D75}.Release|Any CPU.ActiveCfg = Release|Any CPU
		{1F8F6C66-6C45-4491-8F6D-F02683F80D75}.Release|Any CPU.Build.0 = Release|Any CPU
		{F1603151-C61B-4398-B7FC-0ACF21A4A781}.Debug|Any CPU.ActiveCfg = Debug|Any CPU
		{F1603151-C61B-4398-B7FC-0ACF21A4A781}.Debug|Any CPU.Build.0 = Debug|Any CPU
		{F1603151-C61B-4398-B7FC-0ACF21A4A781}.Release|Any CPU.ActiveCfg = Release|Any CPU
		{F1603151-C61B-4398-B7FC-0ACF21A4A781}.Release|Any CPU.Build.0 = Release|Any CPU
		{7BD09EF5-9EEE-4085-8FEA-4F54AB1E524F}.Debug|Any CPU.ActiveCfg = Debug|Any CPU
		{7BD09EF5-9EEE-4085-8FEA-4F54AB1E524F}.Debug|Any CPU.Build.0 = Debug|Any CPU
		{7BD09EF5-9EEE-4085-8FEA-4F54AB1E524F}.Release|Any CPU.ActiveCfg = Release|Any CPU
		{7BD09EF5-9EEE-4085-8FEA-4F54AB1E524F}.Release|Any CPU.Build.0 = Release|Any CPU
		{8E49DE41-5FFE-40C9-AB92-F559157EBF69}.Debug|Any CPU.ActiveCfg = Debug|Any CPU
		{8E49DE41-5FFE-40C9-AB92-F559157EBF69}.Debug|Any CPU.Build.0 = Debug|Any CPU
		{8E49DE41-5FFE-40C9-AB92-F559157EBF69}.Release|Any CPU.ActiveCfg = Release|Any CPU
		{8E49DE41-5FFE-40C9-AB92-F559157EBF69}.Release|Any CPU.Build.0 = Release|Any CPU
		{794E0B33-472C-4772-95F4-F67E5B5254F1}.Debug|Any CPU.ActiveCfg = Debug|Any CPU
		{794E0B33-472C-4772-95F4-F67E5B5254F1}.Debug|Any CPU.Build.0 = Debug|Any CPU
		{794E0B33-472C-4772-95F4-F67E5B5254F1}.Release|Any CPU.ActiveCfg = Release|Any CPU
		{794E0B33-472C-4772-95F4-F67E5B5254F1}.Release|Any CPU.Build.0 = Release|Any CPU
		{5614CCA5-400C-4213-8CC9-DF897FAD1FA1}.Debug|Any CPU.ActiveCfg = Debug|Any CPU
		{5614CCA5-400C-4213-8CC9-DF897FAD1FA1}.Debug|Any CPU.Build.0 = Debug|Any CPU
		{5614CCA5-400C-4213-8CC9-DF897FAD1FA1}.Release|Any CPU.ActiveCfg = Release|Any CPU
		{5614CCA5-400C-4213-8CC9-DF897FAD1FA1}.Release|Any CPU.Build.0 = Release|Any CPU
		{6E901461-398F-4960-BFAB-29254B7DABB4}.Debug|Any CPU.ActiveCfg = Debug|Any CPU
		{6E901461-398F-4960-BFAB-29254B7DABB4}.Debug|Any CPU.Build.0 = Debug|Any CPU
		{6E901461-398F-4960-BFAB-29254B7DABB4}.Release|Any CPU.ActiveCfg = Release|Any CPU
		{6E901461-398F-4960-BFAB-29254B7DABB4}.Release|Any CPU.Build.0 = Release|Any CPU
		{EC70404C-5150-4DFE-93DC-FC8AC26A754A}.Debug|Any CPU.ActiveCfg = Debug|Any CPU
		{EC70404C-5150-4DFE-93DC-FC8AC26A754A}.Debug|Any CPU.Build.0 = Debug|Any CPU
		{EC70404C-5150-4DFE-93DC-FC8AC26A754A}.Release|Any CPU.ActiveCfg = Release|Any CPU
		{EC70404C-5150-4DFE-93DC-FC8AC26A754A}.Release|Any CPU.Build.0 = Release|Any CPU
		{899458DD-6F2C-4494-BFF6-C7EBB40E0863}.Debug|Any CPU.ActiveCfg = Debug|Any CPU
		{899458DD-6F2C-4494-BFF6-C7EBB40E0863}.Debug|Any CPU.Build.0 = Debug|Any CPU
		{899458DD-6F2C-4494-BFF6-C7EBB40E0863}.Release|Any CPU.ActiveCfg = Release|Any CPU
		{899458DD-6F2C-4494-BFF6-C7EBB40E0863}.Release|Any CPU.Build.0 = Release|Any CPU
	EndGlobalSection
	GlobalSection(SolutionProperties) = preSolution
		HideSolutionNode = FALSE
	EndGlobalSection
	GlobalSection(NestedProjects) = preSolution
		{41F165A5-1E13-402F-8ABF-ED8505C4DFE9} = {64BD494C-8DB0-4371-B581-1E05687E20B4}
		{EBD7B3DB-1E03-4270-B78B-9C2BFA8ACAF6} = {DE4456E4-7DAB-40BD-A6F7-47ABAF3D1A18}
		{D0C5405D-54F6-444E-ADAB-C7F94F84A236} = {DE4456E4-7DAB-40BD-A6F7-47ABAF3D1A18}
		{9E1BE11B-49EA-464C-813E-6B149A9C4F83} = {DE4456E4-7DAB-40BD-A6F7-47ABAF3D1A18}
		{8DF2B6F6-F3D4-4D17-AD00-E0452F7E648B} = {DE4456E4-7DAB-40BD-A6F7-47ABAF3D1A18}
		{5C250DB0-5462-41AA-9A71-9143F257834A} = {DE4456E4-7DAB-40BD-A6F7-47ABAF3D1A18}
		{4B1D2EDA-6E43-4933-8950-A4A479AE0336} = {DE4456E4-7DAB-40BD-A6F7-47ABAF3D1A18}
		{928AED0A-8626-46A7-96C2-4365C2B8C4E4} = {DE4456E4-7DAB-40BD-A6F7-47ABAF3D1A18}
		{0E202A05-2297-4334-BAD2-9389E3CCAEEF} = {DE4456E4-7DAB-40BD-A6F7-47ABAF3D1A18}
		{F69D4548-537C-41BE-99AF-AE2E29618F84} = {DE4456E4-7DAB-40BD-A6F7-47ABAF3D1A18}
		{2B560652-4AC2-42E3-B122-C3C750D47A3F} = {DE4456E4-7DAB-40BD-A6F7-47ABAF3D1A18}
		{CBA9B967-68BE-48E4-8FA6-77541E4CC051} = {DE4456E4-7DAB-40BD-A6F7-47ABAF3D1A18}
		{320F3709-2CAB-4D99-9FF8-2719F6CDE675} = {DE4456E4-7DAB-40BD-A6F7-47ABAF3D1A18}
		{4347C740-6D5D-4EC8-B041-4F5DB0B224F4} = {DE4456E4-7DAB-40BD-A6F7-47ABAF3D1A18}
		{2D0C5B10-7694-4335-B35B-C545322C825B} = {DE4456E4-7DAB-40BD-A6F7-47ABAF3D1A18}
		{3107DDEA-C77A-4810-87E9-F51103EA9112} = {DE4456E4-7DAB-40BD-A6F7-47ABAF3D1A18}
		{49DE59D1-04FD-4D11-97C5-2FA603F59857} = {DE4456E4-7DAB-40BD-A6F7-47ABAF3D1A18}
		{EA3A5747-6EA8-4E81-BB34-93B68FAA62A2} = {DE4456E4-7DAB-40BD-A6F7-47ABAF3D1A18}
		{3CDAEE0D-900A-44CE-8658-7DD090A75D58} = {DE4456E4-7DAB-40BD-A6F7-47ABAF3D1A18}
		{C460E7B1-329B-496B-91D3-14C7C3CBD355} = {DE4456E4-7DAB-40BD-A6F7-47ABAF3D1A18}
		{F23FA9F6-B298-4998-B631-CFBFF74DC5B1} = {DE4456E4-7DAB-40BD-A6F7-47ABAF3D1A18}
		{B3598A2D-71C8-4352-BC14-8C5166F44A64} = {DE4456E4-7DAB-40BD-A6F7-47ABAF3D1A18}
		{D21E7005-0FD2-4373-AB3D-8203E3BA7BF9} = {DE4456E4-7DAB-40BD-A6F7-47ABAF3D1A18}
		{123D1AB2-8C21-42C3-BE7B-7E2E5D5D3EE8} = {DE4456E4-7DAB-40BD-A6F7-47ABAF3D1A18}
		{63F57B31-B771-42E8-8CF5-6AA82C208214} = {DE4456E4-7DAB-40BD-A6F7-47ABAF3D1A18}
		{DC2095F7-6E71-409A-859E-16FA23F2E34A} = {DE4456E4-7DAB-40BD-A6F7-47ABAF3D1A18}
		{41C6D121-035A-43F7-BB9B-2B272D8D2E6E} = {7FFF3D25-EFCB-49ED-8910-AC580658D43C}
		{B38D2D74-DE41-4DF2-AD68-B7AFB7D09FFE} = {7FFF3D25-EFCB-49ED-8910-AC580658D43C}
		{0C2E42F2-4616-4667-9BEB-29A5D58D71A5} = {7FFF3D25-EFCB-49ED-8910-AC580658D43C}
		{53AE7977-37B4-4C47-B82B-28A2A5EC2EF4} = {7FFF3D25-EFCB-49ED-8910-AC580658D43C}
		{E9638E9D-8D86-488F-9DA7-632828C5E708} = {7FFF3D25-EFCB-49ED-8910-AC580658D43C}
		{706749BF-1C09-426F-959B-611DE30080E4} = {7FFF3D25-EFCB-49ED-8910-AC580658D43C}
		{971F22FD-DDD1-4735-9E61-C9F34F8D37E1} = {7FFF3D25-EFCB-49ED-8910-AC580658D43C}
		{2D42B552-8B65-4EAC-8E85-270CAEA13642} = {7FFF3D25-EFCB-49ED-8910-AC580658D43C}
		{0A359CFD-2ADC-4CC4-902A-9A0111C59A20} = {7FFF3D25-EFCB-49ED-8910-AC580658D43C}
		{CF60BB1B-477C-47D6-B182-A887207A362C} = {7FFF3D25-EFCB-49ED-8910-AC580658D43C}
		{34ED5281-B4E7-4A1B-B505-C59EDC704C29} = {7FFF3D25-EFCB-49ED-8910-AC580658D43C}
		{223AC32C-7E96-4D30-8991-A55F928592E7} = {7FFF3D25-EFCB-49ED-8910-AC580658D43C}
		{B1E870AC-0204-4C42-8A0A-B246A8F7FA8C} = {7FFF3D25-EFCB-49ED-8910-AC580658D43C}
		{4C40DB5F-F221-447B-A80E-C9BF73841470} = {7FFF3D25-EFCB-49ED-8910-AC580658D43C}
		{EFDDD571-343D-422A-820D-E2CCC6D01A33} = {7FFF3D25-EFCB-49ED-8910-AC580658D43C}
		{740024CD-3491-4A6E-A4B2-838B249EE20B} = {7FFF3D25-EFCB-49ED-8910-AC580658D43C}
		{017225E0-927F-48EC-84C5-9A9453AAF689} = {7FFF3D25-EFCB-49ED-8910-AC580658D43C}
		{506A8ABF-51B5-498D-810D-7F7BE4E36DDE} = {7FFF3D25-EFCB-49ED-8910-AC580658D43C}
		{59834F85-D732-460D-84F1-FBB52266DE9B} = {7FFF3D25-EFCB-49ED-8910-AC580658D43C}
		{4C5CBE20-39B2-4B51-A5EE-FBF90C51D608} = {7FFF3D25-EFCB-49ED-8910-AC580658D43C}
		{82D05586-60F8-4CC4-8B0B-AD8C7F79E56D} = {7FFF3D25-EFCB-49ED-8910-AC580658D43C}
		{E9B7F126-0A84-4F36-BF57-F464C0A052E9} = {7FFF3D25-EFCB-49ED-8910-AC580658D43C}
		{651AFADB-95A1-4D7F-BD90-B93F0D81506D} = {7FFF3D25-EFCB-49ED-8910-AC580658D43C}
		{D5FFC6B1-D31A-4784-A7DF-1E1F6ED9C8E7} = {7FFF3D25-EFCB-49ED-8910-AC580658D43C}
		{34BC382A-4FED-4D48-8AFB-8FDF2BD7BF30} = {7FFF3D25-EFCB-49ED-8910-AC580658D43C}
		{3BC656F6-9BEF-42B9-ABB3-21DD831A6C1F} = {3B689557-69ED-4D0B-96D4-2EEB4707AD3F}
		{1726AADD-C737-45B9-88E2-76F0B0020882} = {3B689557-69ED-4D0B-96D4-2EEB4707AD3F}
		{C90D4D8B-6E25-47FF-AD63-F0EB976EE4F9} = {3B689557-69ED-4D0B-96D4-2EEB4707AD3F}
		{DE203C39-2DBF-4168-B59E-C80AA3EFF833} = {3B689557-69ED-4D0B-96D4-2EEB4707AD3F}
		{D3509193-B7C5-4436-A89E-8E0FA314DD03} = {3B689557-69ED-4D0B-96D4-2EEB4707AD3F}
		{C7B75079-DCE4-42CC-9D1F-A668110E3458} = {3B689557-69ED-4D0B-96D4-2EEB4707AD3F}
		{C2E8ABC0-65BA-43BA-8FC5-C93F9E1698AE} = {3B689557-69ED-4D0B-96D4-2EEB4707AD3F}
		{8D8FB4FD-7226-4175-8C1C-1BE7A8EEFDEC} = {3B689557-69ED-4D0B-96D4-2EEB4707AD3F}
		{82D5C984-DDCB-44B1-ADB6-D306A8928E66} = {3B689557-69ED-4D0B-96D4-2EEB4707AD3F}
		{A7DFE64B-E837-489E-A9B5-1EA0880E2D19} = {3B689557-69ED-4D0B-96D4-2EEB4707AD3F}
		{E1679EF3-761D-4D93-B226-289FDB0F8906} = {3B689557-69ED-4D0B-96D4-2EEB4707AD3F}
		{13BC17F8-B8CD-4636-AFFB-F81D2F3FBB63} = {3B689557-69ED-4D0B-96D4-2EEB4707AD3F}
		{04835CE2-A2CC-4A57-8130-B73985FF95BB} = {3B689557-69ED-4D0B-96D4-2EEB4707AD3F}
		{E9721CB1-F8EE-4C9D-9CF7-DC74DD7FD78C} = {3B689557-69ED-4D0B-96D4-2EEB4707AD3F}
		{7EF3C46D-B40B-4BB3-B866-DAE3DADC0B60} = {3B689557-69ED-4D0B-96D4-2EEB4707AD3F}
		{F0B73346-2F3F-4101-9723-2D4F1044BBCF} = {3B689557-69ED-4D0B-96D4-2EEB4707AD3F}
		{E03DDD89-2FA6-4203-9BC1-3B6328310A60} = {3B689557-69ED-4D0B-96D4-2EEB4707AD3F}
		{A343BC37-5805-44FD-8807-BCF527FAE13D} = {3B689557-69ED-4D0B-96D4-2EEB4707AD3F}
		{F00C4502-0785-4057-BCE3-B0A6BCBE57BB} = {3B689557-69ED-4D0B-96D4-2EEB4707AD3F}
		{C1B38E6F-7B61-41C2-B65E-F435E652C7DE} = {3B689557-69ED-4D0B-96D4-2EEB4707AD3F}
		{B621D6A4-312F-4DED-88D0-83963001E003} = {3B689557-69ED-4D0B-96D4-2EEB4707AD3F}
		{FE850969-1877-47C6-90DC-620D25381DFF} = {3B689557-69ED-4D0B-96D4-2EEB4707AD3F}
		{BA743E84-F581-4C21-AE4D-22C8499E7F28} = {3B689557-69ED-4D0B-96D4-2EEB4707AD3F}
		{1CD6A141-9395-40DF-851B-B446532C7DA8} = {3B689557-69ED-4D0B-96D4-2EEB4707AD3F}
		{9E33DB9A-CFB3-4420-9DE1-8A7F6945B82C} = {3B689557-69ED-4D0B-96D4-2EEB4707AD3F}
		{0248C196-9077-4F28-AD73-5BF9CEBED6CB} = {64BD494C-8DB0-4371-B581-1E05687E20B4}
		{B379EED0-3253-4E63-AEBE-F1BEF92F59F3} = {64BD494C-8DB0-4371-B581-1E05687E20B4}
		{B89EF485-1808-4C42-A9D4-18445D0B06C5} = {64BD494C-8DB0-4371-B581-1E05687E20B4}
		{9CA77545-E3D2-467D-ACBC-12D9A726B988} = {64BD494C-8DB0-4371-B581-1E05687E20B4}
		{707D4844-6317-48AC-9587-9B283BB50BDF} = {64BD494C-8DB0-4371-B581-1E05687E20B4}
		{D8D51697-282F-43E0-A2E6-F086FB66DB9B} = {64BD494C-8DB0-4371-B581-1E05687E20B4}
		{1D1B1C8E-097D-47B1-B139-2E3A4BABD316} = {64BD494C-8DB0-4371-B581-1E05687E20B4}
		{8370DE60-EE10-4846-BC78-9E7AF98F74BF} = {64BD494C-8DB0-4371-B581-1E05687E20B4}
		{C4C0C187-FE72-4204-985F-72554F7E71C1} = {64BD494C-8DB0-4371-B581-1E05687E20B4}
		{3D591FAA-297D-4080-80F9-70409B48DC67} = {64BD494C-8DB0-4371-B581-1E05687E20B4}
		{6527178C-5214-42B5-82A2-2228620008E4} = {64BD494C-8DB0-4371-B581-1E05687E20B4}
		{C1979DB5-E002-494C-A059-EF407E1CF238} = {64BD494C-8DB0-4371-B581-1E05687E20B4}
		{DA648114-A916-48B4-8930-C6F3348973D5} = {64BD494C-8DB0-4371-B581-1E05687E20B4}
		{C440F99A-AF45-49CE-A6D7-75281C11B9BA} = {64BD494C-8DB0-4371-B581-1E05687E20B4}
		{8FECC7E2-186D-4084-A9A3-E5A83008B13B} = {64BD494C-8DB0-4371-B581-1E05687E20B4}
		{7EEBBA18-C1BC-406E-BDA0-07E073FB1537} = {64BD494C-8DB0-4371-B581-1E05687E20B4}
		{3E21C1C7-9641-4CE9-9C83-0230B2D50D29} = {64BD494C-8DB0-4371-B581-1E05687E20B4}
		{FA962BAD-7D28-45C3-8FE8-AD10C8017E98} = {64BD494C-8DB0-4371-B581-1E05687E20B4}
		{0FA4E125-94CA-487A-A707-A2348878AEB5} = {64BD494C-8DB0-4371-B581-1E05687E20B4}
		{7FC880BD-DFF5-4E14-BE41-0808F36F5450} = {64BD494C-8DB0-4371-B581-1E05687E20B4}
		{322167D3-DBB5-4663-A893-18CC8747BF4E} = {64BD494C-8DB0-4371-B581-1E05687E20B4}
		{A097904A-B5C4-4B4F-B0CE-92C76FE9C55C} = {64BD494C-8DB0-4371-B581-1E05687E20B4}
		{8C7162C3-6B5B-4609-8731-074AE354DF66} = {64BD494C-8DB0-4371-B581-1E05687E20B4}
		{3214372B-34D4-4064-9122-6086ABBCF155} = {64BD494C-8DB0-4371-B581-1E05687E20B4}
		{1DF7B5A5-D91A-4587-B858-38CB9FAFD8A4} = {270724FB-B091-4FB1-9860-49CB065F492B}
		{3C96E971-C9C6-4921-8B29-8D2D125E072C} = {270724FB-B091-4FB1-9860-49CB065F492B}
		{40D7618D-858F-4479-BCAA-A806584E5BE3} = {270724FB-B091-4FB1-9860-49CB065F492B}
		{6AE5C43B-89F7-4A42-B283-06C64AD1A436} = {270724FB-B091-4FB1-9860-49CB065F492B}
		{AC09E6B1-24E2-452E-97A0-FDC4A41EDC4A} = {270724FB-B091-4FB1-9860-49CB065F492B}
		{8C9600D5-1B91-409A-9F91-791DD7382256} = {270724FB-B091-4FB1-9860-49CB065F492B}
		{E35779BD-5BFB-4265-9C87-D6CDD0A7FB05} = {270724FB-B091-4FB1-9860-49CB065F492B}
		{A84DA224-B30D-40A3-9629-6B52DB5C1E76} = {270724FB-B091-4FB1-9860-49CB065F492B}
		{A09F9701-4B7E-4BD8-AA6D-292F9D61E046} = {270724FB-B091-4FB1-9860-49CB065F492B}
		{BE4556EC-CCEF-4616-84D9-CC9CD539F45F} = {270724FB-B091-4FB1-9860-49CB065F492B}
		{E5303FC4-2896-4131-8F74-29DDEAD9598E} = {270724FB-B091-4FB1-9860-49CB065F492B}
		{881B7346-7A7E-4E41-BAEA-915CBE98A177} = {270724FB-B091-4FB1-9860-49CB065F492B}
		{3833BC3E-2DD5-452E-B2A0-60C847B665F8} = {270724FB-B091-4FB1-9860-49CB065F492B}
		{2E077375-4B93-4836-B521-9AA45A8FA1FB} = {270724FB-B091-4FB1-9860-49CB065F492B}
		{F0777620-CB8E-4F9F-9214-4968752FE715} = {270724FB-B091-4FB1-9860-49CB065F492B}
		{CE98DE71-B1A9-48C2-91B0-1E9CFC3C432C} = {270724FB-B091-4FB1-9860-49CB065F492B}
		{41F7DD8D-9DEB-4D4C-AAD3-F1C672DF0A26} = {270724FB-B091-4FB1-9860-49CB065F492B}
		{F9198212-5A0F-43B2-A5E7-947E6ED392C4} = {270724FB-B091-4FB1-9860-49CB065F492B}
		{92E7BF4C-70B4-4543-A6AB-D6F5B6F1C26F} = {270724FB-B091-4FB1-9860-49CB065F492B}
		{56FED4EA-8CE5-4692-A885-F090B8D708AE} = {270724FB-B091-4FB1-9860-49CB065F492B}
		{687D7116-4105-4429-9618-732ADF065890} = {270724FB-B091-4FB1-9860-49CB065F492B}
		{904F9B69-E519-42C7-9ABB-A7D7BCD5D239} = {270724FB-B091-4FB1-9860-49CB065F492B}
		{48DAE35E-D4E6-4A12-B9FE-2002DD36F8FB} = {270724FB-B091-4FB1-9860-49CB065F492B}
		{692E2017-953C-4309-8127-050B4962A41E} = {270724FB-B091-4FB1-9860-49CB065F492B}
		{A516F962-DF04-4636-B0E7-3BFAF3C2EED9} = {270724FB-B091-4FB1-9860-49CB065F492B}
		{ED286DA2-3B9D-4745-B004-D282ABFA7A0A} = {27D93D27-9775-4E04-AD66-5E2D8D9965BE}
		{A14FE664-E5A5-4195-BD8B-3994E137E9DA} = {27D93D27-9775-4E04-AD66-5E2D8D9965BE}
		{CD955588-D135-46B9-BBA9-58E65E4CAED7} = {27D93D27-9775-4E04-AD66-5E2D8D9965BE}
		{E20CD1FE-24E0-4419-A59B-BE68D4672D5D} = {27D93D27-9775-4E04-AD66-5E2D8D9965BE}
		{F14A9315-8862-4C53-80F3-4971B04A2734} = {27D93D27-9775-4E04-AD66-5E2D8D9965BE}
		{4A9161A3-D87D-4F1A-9A8F-AEF975EB2CBA} = {27D93D27-9775-4E04-AD66-5E2D8D9965BE}
		{1F8F6C66-6C45-4491-8F6D-F02683F80D75} = {27D93D27-9775-4E04-AD66-5E2D8D9965BE}
		{F1603151-C61B-4398-B7FC-0ACF21A4A781} = {27D93D27-9775-4E04-AD66-5E2D8D9965BE}
		{7BD09EF5-9EEE-4085-8FEA-4F54AB1E524F} = {27D93D27-9775-4E04-AD66-5E2D8D9965BE}
		{8E49DE41-5FFE-40C9-AB92-F559157EBF69} = {27D93D27-9775-4E04-AD66-5E2D8D9965BE}
		{794E0B33-472C-4772-95F4-F67E5B5254F1} = {27D93D27-9775-4E04-AD66-5E2D8D9965BE}
		{5614CCA5-400C-4213-8CC9-DF897FAD1FA1} = {27D93D27-9775-4E04-AD66-5E2D8D9965BE}
		{6E901461-398F-4960-BFAB-29254B7DABB4} = {27D93D27-9775-4E04-AD66-5E2D8D9965BE}
		{EC70404C-5150-4DFE-93DC-FC8AC26A754A} = {27D93D27-9775-4E04-AD66-5E2D8D9965BE}
		{899458DD-6F2C-4494-BFF6-C7EBB40E0863} = {27D93D27-9775-4E04-AD66-5E2D8D9965BE}
	EndGlobalSection
EndGlobal
